// !$*UTF8*$!
{
	archiveVersion = 1;
	classes = {
	};
	objectVersion = 46;
	objects = {

/* Begin PBXBuildFile section */
		673338F71D20937C00A8009F /* MyNetworkCell.m in Sources */ = {isa = PBXBuildFile; fileRef = 673338F61D20937C00A8009F /* MyNetworkCell.m */; };
		673339061D2098D200A8009F /* NSMutableArray+SWUtilityButtons.m in Sources */ = {isa = PBXBuildFile; fileRef = 673338FB1D2098D200A8009F /* NSMutableArray+SWUtilityButtons.m */; };
		673339071D2098D200A8009F /* SWCellScrollView.m in Sources */ = {isa = PBXBuildFile; fileRef = 673338FD1D2098D200A8009F /* SWCellScrollView.m */; };
		673339081D2098D200A8009F /* SWLongPressGestureRecognizer.m in Sources */ = {isa = PBXBuildFile; fileRef = 673338FF1D2098D200A8009F /* SWLongPressGestureRecognizer.m */; };
		673339091D2098D200A8009F /* SWTableViewCell.m in Sources */ = {isa = PBXBuildFile; fileRef = 673339011D2098D200A8009F /* SWTableViewCell.m */; };
		6733390A1D2098D200A8009F /* SWUtilityButtonTapGestureRecognizer.m in Sources */ = {isa = PBXBuildFile; fileRef = 673339031D2098D200A8009F /* SWUtilityButtonTapGestureRecognizer.m */; };
		6733390B1D2098D200A8009F /* SWUtilityButtonView.m in Sources */ = {isa = PBXBuildFile; fileRef = 673339051D2098D200A8009F /* SWUtilityButtonView.m */; };
		6733390E1D20B5ED00A8009F /* ChatCell.m in Sources */ = {isa = PBXBuildFile; fileRef = 6733390D1D20B5ED00A8009F /* ChatCell.m */; };
		67391DEA1D27ED0200A50C03 /* Signup.m in Sources */ = {isa = PBXBuildFile; fileRef = 67391DE91D27ED0200A50C03 /* Signup.m */; };
		67391DEF1D27FBB900A50C03 /* SignupProcess1.m in Sources */ = {isa = PBXBuildFile; fileRef = 67391DEE1D27FBB900A50C03 /* SignupProcess1.m */; };
		67391DF21D27FBC400A50C03 /* SignupProcess2.m in Sources */ = {isa = PBXBuildFile; fileRef = 67391DF11D27FBC400A50C03 /* SignupProcess2.m */; };
		67391DF51D27FBD800A50C03 /* SignupProcessExperienceDetail.m in Sources */ = {isa = PBXBuildFile; fileRef = 67391DF41D27FBD800A50C03 /* SignupProcessExperienceDetail.m */; };
		67391DFB1D280A9600A50C03 /* SignupProcessExperienceDetailCell.m in Sources */ = {isa = PBXBuildFile; fileRef = 67391DFA1D280A9600A50C03 /* SignupProcessExperienceDetailCell.m */; };
		67606C6E1D24888700AD127E /* MyInfoEditExperience.m in Sources */ = {isa = PBXBuildFile; fileRef = 67606C6D1D24888700AD127E /* MyInfoEditExperience.m */; };
		679B9EE71D236DF900C426F2 /* MyInfoEditType1.m in Sources */ = {isa = PBXBuildFile; fileRef = 679B9EE61D236DF900C426F2 /* MyInfoEditType1.m */; };
		679B9EEA1D236E0A00C426F2 /* MyInfoEditType2.m in Sources */ = {isa = PBXBuildFile; fileRef = 679B9EE91D236E0A00C426F2 /* MyInfoEditType2.m */; };
		679B9EED1D236E1C00C426F2 /* MyInfoEditTable.m in Sources */ = {isa = PBXBuildFile; fileRef = 679B9EEC1D236E1C00C426F2 /* MyInfoEditTable.m */; };
		679B9EF01D2396A700C426F2 /* MyInfoEditTableCell.m in Sources */ = {isa = PBXBuildFile; fileRef = 679B9EEF1D2396A700C426F2 /* MyInfoEditTableCell.m */; };
		67D4AD5F1D26333D00F42B7F /* LoginSignup.storyboard in Resources */ = {isa = PBXBuildFile; fileRef = 67D4AD5E1D26333D00F42B7F /* LoginSignup.storyboard */; };
		67D4AD621D26536000F42B7F /* MainPage.m in Sources */ = {isa = PBXBuildFile; fileRef = 67D4AD611D26536000F42B7F /* MainPage.m */; };
		67D4AD651D265A7E00F42B7F /* Login.m in Sources */ = {isa = PBXBuildFile; fileRef = 67D4AD641D265A7E00F42B7F /* Login.m */; };
		67DD1A7C1D17BEB500FBEA0F /* main.m in Sources */ = {isa = PBXBuildFile; fileRef = 67DD1A7B1D17BEB500FBEA0F /* main.m */; };
		67DD1A7F1D17BEB500FBEA0F /* AppDelegate.m in Sources */ = {isa = PBXBuildFile; fileRef = 67DD1A7E1D17BEB500FBEA0F /* AppDelegate.m */; };
		67DD1A871D17BEB500FBEA0F /* Assets.xcassets in Resources */ = {isa = PBXBuildFile; fileRef = 67DD1A861D17BEB500FBEA0F /* Assets.xcassets */; };
		67DD1A8A1D17BEB500FBEA0F /* LaunchScreen.storyboard in Resources */ = {isa = PBXBuildFile; fileRef = 67DD1A881D17BEB500FBEA0F /* LaunchScreen.storyboard */; };
		67DD1A981D17BF1700FBEA0F /* Network.m in Sources */ = {isa = PBXBuildFile; fileRef = 67DD1A971D17BF1700FBEA0F /* Network.m */; };
		67DD1A9A1D17BF2100FBEA0F /* Network.storyboard in Resources */ = {isa = PBXBuildFile; fileRef = 67DD1A991D17BF2100FBEA0F /* Network.storyboard */; };
		67DD1A9D1D17BF6900FBEA0F /* MyNetwork.m in Sources */ = {isa = PBXBuildFile; fileRef = 67DD1A9C1D17BF6900FBEA0F /* MyNetwork.m */; };
		67DD1A9F1D17BF7200FBEA0F /* MyNetwork.storyboard in Resources */ = {isa = PBXBuildFile; fileRef = 67DD1A9E1D17BF7200FBEA0F /* MyNetwork.storyboard */; };
		67DD1AA21D17BFC300FBEA0F /* Chat.m in Sources */ = {isa = PBXBuildFile; fileRef = 67DD1AA11D17BFC300FBEA0F /* Chat.m */; };
		67DD1AA41D17BFCC00FBEA0F /* Chat.storyboard in Resources */ = {isa = PBXBuildFile; fileRef = 67DD1AA31D17BFCC00FBEA0F /* Chat.storyboard */; };
		67DD1AA71D17BFFF00FBEA0F /* MyInfo.m in Sources */ = {isa = PBXBuildFile; fileRef = 67DD1AA61D17BFFF00FBEA0F /* MyInfo.m */; };
		67DD1AA91D17C00600FBEA0F /* MyInfo.storyboard in Resources */ = {isa = PBXBuildFile; fileRef = 67DD1AA81D17C00600FBEA0F /* MyInfo.storyboard */; };
		67DD1AAD1D17C3E600FBEA0F /* Profile.m in Sources */ = {isa = PBXBuildFile; fileRef = 67DD1AAC1D17C3E600FBEA0F /* Profile.m */; };
		67DD1AAF1D17C3EF00FBEA0F /* Profile.storyboard in Resources */ = {isa = PBXBuildFile; fileRef = 67DD1AAE1D17C3EF00FBEA0F /* Profile.storyboard */; };
		67DD1AB31D17D40D00FBEA0F /* UIPrinciples.m in Sources */ = {isa = PBXBuildFile; fileRef = 67DD1AB21D17D40D00FBEA0F /* UIPrinciples.m */; };
		67DD1AB61D17E04F00FBEA0F /* NetworkCell.m in Sources */ = {isa = PBXBuildFile; fileRef = 67DD1AB51D17E04F00FBEA0F /* NetworkCell.m */; };
		67DD1AB91D17E39B00FBEA0F /* NetworkData.m in Sources */ = {isa = PBXBuildFile; fileRef = 67DD1AB81D17E39B00FBEA0F /* NetworkData.m */; };
		67DD1AC01D17E42D00FBEA0F /* duck.jpg in Resources */ = {isa = PBXBuildFile; fileRef = 67DD1ABB1D17E42D00FBEA0F /* duck.jpg */; };
		67DD1AC11D17E42D00FBEA0F /* girl1.jpg in Resources */ = {isa = PBXBuildFile; fileRef = 67DD1ABC1D17E42D00FBEA0F /* girl1.jpg */; };
		67DD1AC21D17E42D00FBEA0F /* girl2.jpg in Resources */ = {isa = PBXBuildFile; fileRef = 67DD1ABD1D17E42D00FBEA0F /* girl2.jpg */; };
		67DD1AC31D17E42D00FBEA0F /* man.jpg in Resources */ = {isa = PBXBuildFile; fileRef = 67DD1ABE1D17E42D00FBEA0F /* man.jpg */; };
		67DD1AC41D17E42D00FBEA0F /* water.jpg in Resources */ = {isa = PBXBuildFile; fileRef = 67DD1ABF1D17E42D00FBEA0F /* water.jpg */; };
/* End PBXBuildFile section */

/* Begin PBXFileReference section */
		673338F51D20937C00A8009F /* MyNetworkCell.h */ = {isa = PBXFileReference; fileEncoding = 4; lastKnownFileType = sourcecode.c.h; path = MyNetworkCell.h; sourceTree = "<group>"; };
		673338F61D20937C00A8009F /* MyNetworkCell.m */ = {isa = PBXFileReference; fileEncoding = 4; lastKnownFileType = sourcecode.c.objc; path = MyNetworkCell.m; sourceTree = "<group>"; };
		673338FA1D2098D200A8009F /* NSMutableArray+SWUtilityButtons.h */ = {isa = PBXFileReference; fileEncoding = 4; lastKnownFileType = sourcecode.c.h; path = "NSMutableArray+SWUtilityButtons.h"; sourceTree = "<group>"; };
		673338FB1D2098D200A8009F /* NSMutableArray+SWUtilityButtons.m */ = {isa = PBXFileReference; fileEncoding = 4; lastKnownFileType = sourcecode.c.objc; path = "NSMutableArray+SWUtilityButtons.m"; sourceTree = "<group>"; };
		673338FC1D2098D200A8009F /* SWCellScrollView.h */ = {isa = PBXFileReference; fileEncoding = 4; lastKnownFileType = sourcecode.c.h; path = SWCellScrollView.h; sourceTree = "<group>"; };
		673338FD1D2098D200A8009F /* SWCellScrollView.m */ = {isa = PBXFileReference; fileEncoding = 4; lastKnownFileType = sourcecode.c.objc; path = SWCellScrollView.m; sourceTree = "<group>"; };
		673338FE1D2098D200A8009F /* SWLongPressGestureRecognizer.h */ = {isa = PBXFileReference; fileEncoding = 4; lastKnownFileType = sourcecode.c.h; path = SWLongPressGestureRecognizer.h; sourceTree = "<group>"; };
		673338FF1D2098D200A8009F /* SWLongPressGestureRecognizer.m */ = {isa = PBXFileReference; fileEncoding = 4; lastKnownFileType = sourcecode.c.objc; path = SWLongPressGestureRecognizer.m; sourceTree = "<group>"; };
		673339001D2098D200A8009F /* SWTableViewCell.h */ = {isa = PBXFileReference; fileEncoding = 4; lastKnownFileType = sourcecode.c.h; path = SWTableViewCell.h; sourceTree = "<group>"; };
		673339011D2098D200A8009F /* SWTableViewCell.m */ = {isa = PBXFileReference; fileEncoding = 4; lastKnownFileType = sourcecode.c.objc; path = SWTableViewCell.m; sourceTree = "<group>"; };
		673339021D2098D200A8009F /* SWUtilityButtonTapGestureRecognizer.h */ = {isa = PBXFileReference; fileEncoding = 4; lastKnownFileType = sourcecode.c.h; path = SWUtilityButtonTapGestureRecognizer.h; sourceTree = "<group>"; };
		673339031D2098D200A8009F /* SWUtilityButtonTapGestureRecognizer.m */ = {isa = PBXFileReference; fileEncoding = 4; lastKnownFileType = sourcecode.c.objc; path = SWUtilityButtonTapGestureRecognizer.m; sourceTree = "<group>"; };
		673339041D2098D200A8009F /* SWUtilityButtonView.h */ = {isa = PBXFileReference; fileEncoding = 4; lastKnownFileType = sourcecode.c.h; path = SWUtilityButtonView.h; sourceTree = "<group>"; };
		673339051D2098D200A8009F /* SWUtilityButtonView.m */ = {isa = PBXFileReference; fileEncoding = 4; lastKnownFileType = sourcecode.c.objc; path = SWUtilityButtonView.m; sourceTree = "<group>"; };
		6733390C1D20B5ED00A8009F /* ChatCell.h */ = {isa = PBXFileReference; fileEncoding = 4; lastKnownFileType = sourcecode.c.h; path = ChatCell.h; sourceTree = "<group>"; };
		6733390D1D20B5ED00A8009F /* ChatCell.m */ = {isa = PBXFileReference; fileEncoding = 4; lastKnownFileType = sourcecode.c.objc; path = ChatCell.m; sourceTree = "<group>"; };
		67391DE81D27ED0200A50C03 /* Signup.h */ = {isa = PBXFileReference; fileEncoding = 4; lastKnownFileType = sourcecode.c.h; path = Signup.h; sourceTree = "<group>"; };
		67391DE91D27ED0200A50C03 /* Signup.m */ = {isa = PBXFileReference; fileEncoding = 4; lastKnownFileType = sourcecode.c.objc; path = Signup.m; sourceTree = "<group>"; };
		67391DED1D27FBB900A50C03 /* SignupProcess1.h */ = {isa = PBXFileReference; fileEncoding = 4; lastKnownFileType = sourcecode.c.h; path = SignupProcess1.h; sourceTree = "<group>"; };
		67391DEE1D27FBB900A50C03 /* SignupProcess1.m */ = {isa = PBXFileReference; fileEncoding = 4; lastKnownFileType = sourcecode.c.objc; path = SignupProcess1.m; sourceTree = "<group>"; };
		67391DF01D27FBC400A50C03 /* SignupProcess2.h */ = {isa = PBXFileReference; fileEncoding = 4; lastKnownFileType = sourcecode.c.h; path = SignupProcess2.h; sourceTree = "<group>"; };
		67391DF11D27FBC400A50C03 /* SignupProcess2.m */ = {isa = PBXFileReference; fileEncoding = 4; lastKnownFileType = sourcecode.c.objc; path = SignupProcess2.m; sourceTree = "<group>"; };
		67391DF31D27FBD800A50C03 /* SignupProcessExperienceDetail.h */ = {isa = PBXFileReference; fileEncoding = 4; lastKnownFileType = sourcecode.c.h; path = SignupProcessExperienceDetail.h; sourceTree = "<group>"; };
		67391DF41D27FBD800A50C03 /* SignupProcessExperienceDetail.m */ = {isa = PBXFileReference; fileEncoding = 4; lastKnownFileType = sourcecode.c.objc; path = SignupProcessExperienceDetail.m; sourceTree = "<group>"; };
		67391DF91D280A9600A50C03 /* SignupProcessExperienceDetailCell.h */ = {isa = PBXFileReference; fileEncoding = 4; lastKnownFileType = sourcecode.c.h; path = SignupProcessExperienceDetailCell.h; sourceTree = "<group>"; };
		67391DFA1D280A9600A50C03 /* SignupProcessExperienceDetailCell.m */ = {isa = PBXFileReference; fileEncoding = 4; lastKnownFileType = sourcecode.c.objc; path = SignupProcessExperienceDetailCell.m; sourceTree = "<group>"; };
		67606C6C1D24888700AD127E /* MyInfoEditExperience.h */ = {isa = PBXFileReference; fileEncoding = 4; lastKnownFileType = sourcecode.c.h; path = MyInfoEditExperience.h; sourceTree = "<group>"; };
		67606C6D1D24888700AD127E /* MyInfoEditExperience.m */ = {isa = PBXFileReference; fileEncoding = 4; lastKnownFileType = sourcecode.c.objc; path = MyInfoEditExperience.m; sourceTree = "<group>"; };
		679B9EE51D236DF900C426F2 /* MyInfoEditType1.h */ = {isa = PBXFileReference; fileEncoding = 4; lastKnownFileType = sourcecode.c.h; path = MyInfoEditType1.h; sourceTree = "<group>"; };
		679B9EE61D236DF900C426F2 /* MyInfoEditType1.m */ = {isa = PBXFileReference; fileEncoding = 4; lastKnownFileType = sourcecode.c.objc; path = MyInfoEditType1.m; sourceTree = "<group>"; };
		679B9EE81D236E0A00C426F2 /* MyInfoEditType2.h */ = {isa = PBXFileReference; fileEncoding = 4; lastKnownFileType = sourcecode.c.h; path = MyInfoEditType2.h; sourceTree = "<group>"; };
		679B9EE91D236E0A00C426F2 /* MyInfoEditType2.m */ = {isa = PBXFileReference; fileEncoding = 4; lastKnownFileType = sourcecode.c.objc; path = MyInfoEditType2.m; sourceTree = "<group>"; };
		679B9EEB1D236E1C00C426F2 /* MyInfoEditTable.h */ = {isa = PBXFileReference; fileEncoding = 4; lastKnownFileType = sourcecode.c.h; path = MyInfoEditTable.h; sourceTree = "<group>"; };
		679B9EEC1D236E1C00C426F2 /* MyInfoEditTable.m */ = {isa = PBXFileReference; fileEncoding = 4; lastKnownFileType = sourcecode.c.objc; path = MyInfoEditTable.m; sourceTree = "<group>"; };
		679B9EEE1D2396A700C426F2 /* MyInfoEditTableCell.h */ = {isa = PBXFileReference; fileEncoding = 4; lastKnownFileType = sourcecode.c.h; path = MyInfoEditTableCell.h; sourceTree = "<group>"; };
		679B9EEF1D2396A700C426F2 /* MyInfoEditTableCell.m */ = {isa = PBXFileReference; fileEncoding = 4; lastKnownFileType = sourcecode.c.objc; path = MyInfoEditTableCell.m; sourceTree = "<group>"; };
		67D4AD5E1D26333D00F42B7F /* LoginSignup.storyboard */ = {isa = PBXFileReference; fileEncoding = 4; lastKnownFileType = file.storyboard; path = LoginSignup.storyboard; sourceTree = "<group>"; };
		67D4AD601D26536000F42B7F /* MainPage.h */ = {isa = PBXFileReference; fileEncoding = 4; lastKnownFileType = sourcecode.c.h; path = MainPage.h; sourceTree = "<group>"; };
		67D4AD611D26536000F42B7F /* MainPage.m */ = {isa = PBXFileReference; fileEncoding = 4; lastKnownFileType = sourcecode.c.objc; path = MainPage.m; sourceTree = "<group>"; };
		67D4AD631D265A7E00F42B7F /* Login.h */ = {isa = PBXFileReference; fileEncoding = 4; lastKnownFileType = sourcecode.c.h; path = Login.h; sourceTree = "<group>"; };
		67D4AD641D265A7E00F42B7F /* Login.m */ = {isa = PBXFileReference; fileEncoding = 4; lastKnownFileType = sourcecode.c.objc; path = Login.m; sourceTree = "<group>"; };
		67DD1A771D17BEB500FBEA0F /* Nety.app */ = {isa = PBXFileReference; explicitFileType = wrapper.application; includeInIndex = 0; path = Nety.app; sourceTree = BUILT_PRODUCTS_DIR; };
		67DD1A7B1D17BEB500FBEA0F /* main.m */ = {isa = PBXFileReference; lastKnownFileType = sourcecode.c.objc; path = main.m; sourceTree = "<group>"; };
		67DD1A7D1D17BEB500FBEA0F /* AppDelegate.h */ = {isa = PBXFileReference; lastKnownFileType = sourcecode.c.h; path = AppDelegate.h; sourceTree = "<group>"; };
		67DD1A7E1D17BEB500FBEA0F /* AppDelegate.m */ = {isa = PBXFileReference; lastKnownFileType = sourcecode.c.objc; path = AppDelegate.m; sourceTree = "<group>"; };
		67DD1A861D17BEB500FBEA0F /* Assets.xcassets */ = {isa = PBXFileReference; lastKnownFileType = folder.assetcatalog; path = Assets.xcassets; sourceTree = "<group>"; };
		67DD1A891D17BEB500FBEA0F /* Base */ = {isa = PBXFileReference; lastKnownFileType = file.storyboard; name = Base; path = Base.lproj/LaunchScreen.storyboard; sourceTree = "<group>"; };
		67DD1A8B1D17BEB500FBEA0F /* Info.plist */ = {isa = PBXFileReference; lastKnownFileType = text.plist.xml; path = Info.plist; sourceTree = "<group>"; };
		67DD1A961D17BF1700FBEA0F /* Network.h */ = {isa = PBXFileReference; fileEncoding = 4; lastKnownFileType = sourcecode.c.h; path = Network.h; sourceTree = "<group>"; };
		67DD1A971D17BF1700FBEA0F /* Network.m */ = {isa = PBXFileReference; fileEncoding = 4; lastKnownFileType = sourcecode.c.objc; path = Network.m; sourceTree = "<group>"; };
		67DD1A991D17BF2100FBEA0F /* Network.storyboard */ = {isa = PBXFileReference; fileEncoding = 4; lastKnownFileType = file.storyboard; path = Network.storyboard; sourceTree = "<group>"; };
		67DD1A9B1D17BF6900FBEA0F /* MyNetwork.h */ = {isa = PBXFileReference; fileEncoding = 4; lastKnownFileType = sourcecode.c.h; path = MyNetwork.h; sourceTree = "<group>"; };
		67DD1A9C1D17BF6900FBEA0F /* MyNetwork.m */ = {isa = PBXFileReference; fileEncoding = 4; lastKnownFileType = sourcecode.c.objc; path = MyNetwork.m; sourceTree = "<group>"; };
		67DD1A9E1D17BF7200FBEA0F /* MyNetwork.storyboard */ = {isa = PBXFileReference; fileEncoding = 4; lastKnownFileType = file.storyboard; path = MyNetwork.storyboard; sourceTree = "<group>"; };
		67DD1AA01D17BFC300FBEA0F /* Chat.h */ = {isa = PBXFileReference; fileEncoding = 4; lastKnownFileType = sourcecode.c.h; path = Chat.h; sourceTree = "<group>"; };
		67DD1AA11D17BFC300FBEA0F /* Chat.m */ = {isa = PBXFileReference; fileEncoding = 4; lastKnownFileType = sourcecode.c.objc; path = Chat.m; sourceTree = "<group>"; };
		67DD1AA31D17BFCC00FBEA0F /* Chat.storyboard */ = {isa = PBXFileReference; fileEncoding = 4; lastKnownFileType = file.storyboard; path = Chat.storyboard; sourceTree = "<group>"; };
		67DD1AA51D17BFFF00FBEA0F /* MyInfo.h */ = {isa = PBXFileReference; fileEncoding = 4; lastKnownFileType = sourcecode.c.h; path = MyInfo.h; sourceTree = "<group>"; };
		67DD1AA61D17BFFF00FBEA0F /* MyInfo.m */ = {isa = PBXFileReference; fileEncoding = 4; lastKnownFileType = sourcecode.c.objc; path = MyInfo.m; sourceTree = "<group>"; };
		67DD1AA81D17C00600FBEA0F /* MyInfo.storyboard */ = {isa = PBXFileReference; fileEncoding = 4; lastKnownFileType = file.storyboard; path = MyInfo.storyboard; sourceTree = "<group>"; };
		67DD1AAB1D17C3E600FBEA0F /* Profile.h */ = {isa = PBXFileReference; fileEncoding = 4; lastKnownFileType = sourcecode.c.h; path = Profile.h; sourceTree = "<group>"; };
		67DD1AAC1D17C3E600FBEA0F /* Profile.m */ = {isa = PBXFileReference; fileEncoding = 4; lastKnownFileType = sourcecode.c.objc; path = Profile.m; sourceTree = "<group>"; };
		67DD1AAE1D17C3EF00FBEA0F /* Profile.storyboard */ = {isa = PBXFileReference; fileEncoding = 4; lastKnownFileType = file.storyboard; path = Profile.storyboard; sourceTree = "<group>"; };
		67DD1AB11D17D40D00FBEA0F /* UIPrinciples.h */ = {isa = PBXFileReference; fileEncoding = 4; lastKnownFileType = sourcecode.c.h; path = UIPrinciples.h; sourceTree = "<group>"; };
		67DD1AB21D17D40D00FBEA0F /* UIPrinciples.m */ = {isa = PBXFileReference; fileEncoding = 4; lastKnownFileType = sourcecode.c.objc; path = UIPrinciples.m; sourceTree = "<group>"; };
		67DD1AB41D17E04F00FBEA0F /* NetworkCell.h */ = {isa = PBXFileReference; fileEncoding = 4; lastKnownFileType = sourcecode.c.h; path = NetworkCell.h; sourceTree = "<group>"; };
		67DD1AB51D17E04F00FBEA0F /* NetworkCell.m */ = {isa = PBXFileReference; fileEncoding = 4; lastKnownFileType = sourcecode.c.objc; path = NetworkCell.m; sourceTree = "<group>"; };
		67DD1AB71D17E39B00FBEA0F /* NetworkData.h */ = {isa = PBXFileReference; fileEncoding = 4; lastKnownFileType = sourcecode.c.h; path = NetworkData.h; sourceTree = "<group>"; };
		67DD1AB81D17E39B00FBEA0F /* NetworkData.m */ = {isa = PBXFileReference; fileEncoding = 4; lastKnownFileType = sourcecode.c.objc; path = NetworkData.m; sourceTree = "<group>"; };
		67DD1ABB1D17E42D00FBEA0F /* duck.jpg */ = {isa = PBXFileReference; lastKnownFileType = image.jpeg; path = duck.jpg; sourceTree = "<group>"; };
		67DD1ABC1D17E42D00FBEA0F /* girl1.jpg */ = {isa = PBXFileReference; lastKnownFileType = image.jpeg; path = girl1.jpg; sourceTree = "<group>"; };
		67DD1ABD1D17E42D00FBEA0F /* girl2.jpg */ = {isa = PBXFileReference; lastKnownFileType = image.jpeg; path = girl2.jpg; sourceTree = "<group>"; };
		67DD1ABE1D17E42D00FBEA0F /* man.jpg */ = {isa = PBXFileReference; lastKnownFileType = image.jpeg; path = man.jpg; sourceTree = "<group>"; };
		67DD1ABF1D17E42D00FBEA0F /* water.jpg */ = {isa = PBXFileReference; lastKnownFileType = image.jpeg; path = water.jpg; sourceTree = "<group>"; };
/* End PBXFileReference section */

/* Begin PBXFrameworksBuildPhase section */
		67DD1A741D17BEB500FBEA0F /* Frameworks */ = {
			isa = PBXFrameworksBuildPhase;
			buildActionMask = 2147483647;
			files = (
			);
			runOnlyForDeploymentPostprocessing = 0;
		};
/* End PBXFrameworksBuildPhase section */

/* Begin PBXGroup section */
		673338F81D2098D200A8009F /* Lib */ = {
			isa = PBXGroup;
			children = (
				673338F91D2098D200A8009F /* SWTableViewCell */,
			);
			path = Lib;
			sourceTree = "<group>";
		};
		673338F91D2098D200A8009F /* SWTableViewCell */ = {
			isa = PBXGroup;
			children = (
				673338FA1D2098D200A8009F /* NSMutableArray+SWUtilityButtons.h */,
				673338FB1D2098D200A8009F /* NSMutableArray+SWUtilityButtons.m */,
				673338FC1D2098D200A8009F /* SWCellScrollView.h */,
				673338FD1D2098D200A8009F /* SWCellScrollView.m */,
				673338FE1D2098D200A8009F /* SWLongPressGestureRecognizer.h */,
				673338FF1D2098D200A8009F /* SWLongPressGestureRecognizer.m */,
				673339001D2098D200A8009F /* SWTableViewCell.h */,
				673339011D2098D200A8009F /* SWTableViewCell.m */,
				673339021D2098D200A8009F /* SWUtilityButtonTapGestureRecognizer.h */,
				673339031D2098D200A8009F /* SWUtilityButtonTapGestureRecognizer.m */,
				673339041D2098D200A8009F /* SWUtilityButtonView.h */,
				673339051D2098D200A8009F /* SWUtilityButtonView.m */,
			);
			path = SWTableViewCell;
			sourceTree = "<group>";
		};
		67391DEB1D27F75800A50C03 /* Login */ = {
			isa = PBXGroup;
			children = (
				67D4AD631D265A7E00F42B7F /* Login.h */,
				67D4AD641D265A7E00F42B7F /* Login.m */,
			);
			name = Login;
			sourceTree = "<group>";
		};
		67391DEC1D27F76D00A50C03 /* Signup */ = {
			isa = PBXGroup;
			children = (
				67391DF61D28096800A50C03 /* Process1 */,
				67391DF71D28097000A50C03 /* Process2 */,
				67391DE81D27ED0200A50C03 /* Signup.h */,
				67391DE91D27ED0200A50C03 /* Signup.m */,
			);
			name = Signup;
			sourceTree = "<group>";
		};
		67391DF61D28096800A50C03 /* Process1 */ = {
			isa = PBXGroup;
			children = (
				67391DED1D27FBB900A50C03 /* SignupProcess1.h */,
				67391DEE1D27FBB900A50C03 /* SignupProcess1.m */,
			);
			name = Process1;
			sourceTree = "<group>";
		};
		67391DF71D28097000A50C03 /* Process2 */ = {
			isa = PBXGroup;
			children = (
				67391DF01D27FBC400A50C03 /* SignupProcess2.h */,
				67391DF11D27FBC400A50C03 /* SignupProcess2.m */,
				67391DF31D27FBD800A50C03 /* SignupProcessExperienceDetail.h */,
				67391DF41D27FBD800A50C03 /* SignupProcessExperienceDetail.m */,
				67391DF91D280A9600A50C03 /* SignupProcessExperienceDetailCell.h */,
				67391DFA1D280A9600A50C03 /* SignupProcessExperienceDetailCell.m */,
			);
			name = Process2;
			sourceTree = "<group>";
		};
		679B9EF11D23971E00C426F2 /* MyInfoEditType1 */ = {
			isa = PBXGroup;
			children = (
				679B9EE51D236DF900C426F2 /* MyInfoEditType1.h */,
				679B9EE61D236DF900C426F2 /* MyInfoEditType1.m */,
			);
			name = MyInfoEditType1;
			sourceTree = "<group>";
		};
		679B9EF21D23973400C426F2 /* MyInfoEditType2 */ = {
			isa = PBXGroup;
			children = (
				679B9EE81D236E0A00C426F2 /* MyInfoEditType2.h */,
				679B9EE91D236E0A00C426F2 /* MyInfoEditType2.m */,
			);
			name = MyInfoEditType2;
			sourceTree = "<group>";
		};
		679B9EF31D23974000C426F2 /* MyInfoEditTable */ = {
			isa = PBXGroup;
			children = (
				679B9EEB1D236E1C00C426F2 /* MyInfoEditTable.h */,
				679B9EEC1D236E1C00C426F2 /* MyInfoEditTable.m */,
				679B9EEE1D2396A700C426F2 /* MyInfoEditTableCell.h */,
				679B9EEF1D2396A700C426F2 /* MyInfoEditTableCell.m */,
				67606C6C1D24888700AD127E /* MyInfoEditExperience.h */,
				67606C6D1D24888700AD127E /* MyInfoEditExperience.m */,
			);
			name = MyInfoEditTable;
			sourceTree = "<group>";
		};
		67D4AD5D1D2632E900F42B7F /* LoginSignup */ = {
			isa = PBXGroup;
			children = (
				67D4AD5E1D26333D00F42B7F /* LoginSignup.storyboard */,
				67D4AD601D26536000F42B7F /* MainPage.h */,
				67D4AD611D26536000F42B7F /* MainPage.m */,
				67391DEB1D27F75800A50C03 /* Login */,
				67391DEC1D27F76D00A50C03 /* Signup */,
			);
			path = LoginSignup;
			sourceTree = "<group>";
		};
		67DD1A6E1D17BEB500FBEA0F = {
			isa = PBXGroup;
			children = (
				67DD1A791D17BEB500FBEA0F /* Nety */,
				67DD1A781D17BEB500FBEA0F /* Products */,
			);
			sourceTree = "<group>";
		};
		67DD1A781D17BEB500FBEA0F /* Products */ = {
			isa = PBXGroup;
			children = (
				67DD1A771D17BEB500FBEA0F /* Nety.app */,
			);
			name = Products;
			sourceTree = "<group>";
		};
		67DD1A791D17BEB500FBEA0F /* Nety */ = {
			isa = PBXGroup;
			children = (
				673338F81D2098D200A8009F /* Lib */,
				67DD1AB01D17D3DF00FBEA0F /* Util */,
				67DD1A911D17BEF200FBEA0F /* ViewControllers */,
				67DD1A7A1D17BEB500FBEA0F /* Supporting Files */,
			);
			path = Nety;
			sourceTree = "<group>";
		};
		67DD1A7A1D17BEB500FBEA0F /* Supporting Files */ = {
			isa = PBXGroup;
			children = (
				67DD1ABA1D17E42D00FBEA0F /* TemporaryImages */,
				67DD1A7D1D17BEB500FBEA0F /* AppDelegate.h */,
				67DD1A7E1D17BEB500FBEA0F /* AppDelegate.m */,
				67DD1A861D17BEB500FBEA0F /* Assets.xcassets */,
				67DD1A881D17BEB500FBEA0F /* LaunchScreen.storyboard */,
				67DD1A8B1D17BEB500FBEA0F /* Info.plist */,
				67DD1A7B1D17BEB500FBEA0F /* main.m */,
			);
			name = "Supporting Files";
			sourceTree = "<group>";
		};
		67DD1A911D17BEF200FBEA0F /* ViewControllers */ = {
			isa = PBXGroup;
			children = (
				67D4AD5D1D2632E900F42B7F /* LoginSignup */,
				67DD1AAA1D17C3D100FBEA0F /* Profile */,
				67DD1A951D17BEF200FBEA0F /* Network */,
				67DD1A941D17BEF200FBEA0F /* MyNetwork */,
				67DD1A921D17BEF200FBEA0F /* Chat */,
				67DD1A931D17BEF200FBEA0F /* MyInfo */,
			);
			path = ViewControllers;
			sourceTree = "<group>";
		};
		67DD1A921D17BEF200FBEA0F /* Chat */ = {
			isa = PBXGroup;
			children = (
				67DD1AA01D17BFC300FBEA0F /* Chat.h */,
				67DD1AA11D17BFC300FBEA0F /* Chat.m */,
				67DD1AA31D17BFCC00FBEA0F /* Chat.storyboard */,
				6733390C1D20B5ED00A8009F /* ChatCell.h */,
				6733390D1D20B5ED00A8009F /* ChatCell.m */,
			);
			path = Chat;
			sourceTree = "<group>";
		};
		67DD1A931D17BEF200FBEA0F /* MyInfo */ = {
			isa = PBXGroup;
			children = (
				67DD1AA51D17BFFF00FBEA0F /* MyInfo.h */,
				67DD1AA61D17BFFF00FBEA0F /* MyInfo.m */,
				67DD1AA81D17C00600FBEA0F /* MyInfo.storyboard */,
				679B9EF11D23971E00C426F2 /* MyInfoEditType1 */,
				679B9EF21D23973400C426F2 /* MyInfoEditType2 */,
				679B9EF31D23974000C426F2 /* MyInfoEditTable */,
			);
			path = MyInfo;
			sourceTree = "<group>";
		};
		67DD1A941D17BEF200FBEA0F /* MyNetwork */ = {
			isa = PBXGroup;
			children = (
				67DD1A9B1D17BF6900FBEA0F /* MyNetwork.h */,
				67DD1A9C1D17BF6900FBEA0F /* MyNetwork.m */,
				67DD1A9E1D17BF7200FBEA0F /* MyNetwork.storyboard */,
				673338F51D20937C00A8009F /* MyNetworkCell.h */,
				673338F61D20937C00A8009F /* MyNetworkCell.m */,
			);
			path = MyNetwork;
			sourceTree = "<group>";
		};
		67DD1A951D17BEF200FBEA0F /* Network */ = {
			isa = PBXGroup;
			children = (
				67DD1A961D17BF1700FBEA0F /* Network.h */,
				67DD1A971D17BF1700FBEA0F /* Network.m */,
				67DD1A991D17BF2100FBEA0F /* Network.storyboard */,
				67DD1AB41D17E04F00FBEA0F /* NetworkCell.h */,
				67DD1AB51D17E04F00FBEA0F /* NetworkCell.m */,
			);
			path = Network;
			sourceTree = "<group>";
		};
		67DD1AAA1D17C3D100FBEA0F /* Profile */ = {
			isa = PBXGroup;
			children = (
				67DD1AAB1D17C3E600FBEA0F /* Profile.h */,
				67DD1AAC1D17C3E600FBEA0F /* Profile.m */,
				67DD1AAE1D17C3EF00FBEA0F /* Profile.storyboard */,
			);
			path = Profile;
			sourceTree = "<group>";
		};
		67DD1AB01D17D3DF00FBEA0F /* Util */ = {
			isa = PBXGroup;
			children = (
				67DD1AB11D17D40D00FBEA0F /* UIPrinciples.h */,
				67DD1AB21D17D40D00FBEA0F /* UIPrinciples.m */,
				67DD1AB71D17E39B00FBEA0F /* NetworkData.h */,
				67DD1AB81D17E39B00FBEA0F /* NetworkData.m */,
			);
			path = Util;
			sourceTree = "<group>";
		};
		67DD1ABA1D17E42D00FBEA0F /* TemporaryImages */ = {
			isa = PBXGroup;
			children = (
				67DD1ABB1D17E42D00FBEA0F /* duck.jpg */,
				67DD1ABC1D17E42D00FBEA0F /* girl1.jpg */,
				67DD1ABD1D17E42D00FBEA0F /* girl2.jpg */,
				67DD1ABE1D17E42D00FBEA0F /* man.jpg */,
				67DD1ABF1D17E42D00FBEA0F /* water.jpg */,
			);
			path = TemporaryImages;
			sourceTree = "<group>";
		};
/* End PBXGroup section */

/* Begin PBXNativeTarget section */
		67DD1A761D17BEB500FBEA0F /* Nety */ = {
			isa = PBXNativeTarget;
			buildConfigurationList = 67DD1A8E1D17BEB500FBEA0F /* Build configuration list for PBXNativeTarget "Nety" */;
			buildPhases = (
				67DD1A731D17BEB500FBEA0F /* Sources */,
				67DD1A741D17BEB500FBEA0F /* Frameworks */,
				67DD1A751D17BEB500FBEA0F /* Resources */,
			);
			buildRules = (
			);
			dependencies = (
			);
			name = Nety;
			productName = Nety;
			productReference = 67DD1A771D17BEB500FBEA0F /* Nety.app */;
			productType = "com.apple.product-type.application";
		};
/* End PBXNativeTarget section */

/* Begin PBXProject section */
		67DD1A6F1D17BEB500FBEA0F /* Project object */ = {
			isa = PBXProject;
			attributes = {
				LastUpgradeCheck = 0730;
				ORGANIZATIONNAME = "Scott Cho";
				TargetAttributes = {
					67DD1A761D17BEB500FBEA0F = {
						CreatedOnToolsVersion = 7.3.1;
						DevelopmentTeam = U9677H3UDV;
					};
				};
			};
			buildConfigurationList = 67DD1A721D17BEB500FBEA0F /* Build configuration list for PBXProject "Nety" */;
			compatibilityVersion = "Xcode 3.2";
			developmentRegion = English;
			hasScannedForEncodings = 0;
			knownRegions = (
				en,
				Base,
			);
			mainGroup = 67DD1A6E1D17BEB500FBEA0F;
			productRefGroup = 67DD1A781D17BEB500FBEA0F /* Products */;
			projectDirPath = "";
			projectRoot = "";
			targets = (
				67DD1A761D17BEB500FBEA0F /* Nety */,
			);
		};
/* End PBXProject section */

/* Begin PBXResourcesBuildPhase section */
		67DD1A751D17BEB500FBEA0F /* Resources */ = {
			isa = PBXResourcesBuildPhase;
			buildActionMask = 2147483647;
			files = (
				67DD1A9A1D17BF2100FBEA0F /* Network.storyboard in Resources */,
				67DD1AC31D17E42D00FBEA0F /* man.jpg in Resources */,
				67DD1AC11D17E42D00FBEA0F /* girl1.jpg in Resources */,
				67DD1A8A1D17BEB500FBEA0F /* LaunchScreen.storyboard in Resources */,
				67DD1A871D17BEB500FBEA0F /* Assets.xcassets in Resources */,
				67DD1AA41D17BFCC00FBEA0F /* Chat.storyboard in Resources */,
				67D4AD5F1D26333D00F42B7F /* LoginSignup.storyboard in Resources */,
				67DD1AA91D17C00600FBEA0F /* MyInfo.storyboard in Resources */,
				67DD1AAF1D17C3EF00FBEA0F /* Profile.storyboard in Resources */,
				67DD1AC01D17E42D00FBEA0F /* duck.jpg in Resources */,
				67DD1AC21D17E42D00FBEA0F /* girl2.jpg in Resources */,
				67DD1A9F1D17BF7200FBEA0F /* MyNetwork.storyboard in Resources */,
				67DD1AC41D17E42D00FBEA0F /* water.jpg in Resources */,
			);
			runOnlyForDeploymentPostprocessing = 0;
		};
/* End PBXResourcesBuildPhase section */

/* Begin PBXSourcesBuildPhase section */
		67DD1A731D17BEB500FBEA0F /* Sources */ = {
			isa = PBXSourcesBuildPhase;
			buildActionMask = 2147483647;
			files = (
				67DD1AB31D17D40D00FBEA0F /* UIPrinciples.m in Sources */,
				673339081D2098D200A8009F /* SWLongPressGestureRecognizer.m in Sources */,
				67606C6E1D24888700AD127E /* MyInfoEditExperience.m in Sources */,
				67DD1AA21D17BFC300FBEA0F /* Chat.m in Sources */,
				6733390E1D20B5ED00A8009F /* ChatCell.m in Sources */,
				67391DEA1D27ED0200A50C03 /* Signup.m in Sources */,
				67D4AD651D265A7E00F42B7F /* Login.m in Sources */,
				6733390B1D2098D200A8009F /* SWUtilityButtonView.m in Sources */,
				673339061D2098D200A8009F /* NSMutableArray+SWUtilityButtons.m in Sources */,
				67391DEF1D27FBB900A50C03 /* SignupProcess1.m in Sources */,
				679B9EF01D2396A700C426F2 /* MyInfoEditTableCell.m in Sources */,
				67DD1A7F1D17BEB500FBEA0F /* AppDelegate.m in Sources */,
				67DD1A981D17BF1700FBEA0F /* Network.m in Sources */,
				67391DF51D27FBD800A50C03 /* SignupProcessExperienceDetail.m in Sources */,
				6733390A1D2098D200A8009F /* SWUtilityButtonTapGestureRecognizer.m in Sources */,
				67391DF21D27FBC400A50C03 /* SignupProcess2.m in Sources */,
				67DD1A9D1D17BF6900FBEA0F /* MyNetwork.m in Sources */,
				67DD1A7C1D17BEB500FBEA0F /* main.m in Sources */,
				673339071D2098D200A8009F /* SWCellScrollView.m in Sources */,
				679B9EEA1D236E0A00C426F2 /* MyInfoEditType2.m in Sources */,
				67D4AD621D26536000F42B7F /* MainPage.m in Sources */,
				67DD1AB91D17E39B00FBEA0F /* NetworkData.m in Sources */,
				673338F71D20937C00A8009F /* MyNetworkCell.m in Sources */,
				673339091D2098D200A8009F /* SWTableViewCell.m in Sources */,
				67391DFB1D280A9600A50C03 /* SignupProcessExperienceDetailCell.m in Sources */,
				67DD1AAD1D17C3E600FBEA0F /* Profile.m in Sources */,
				679B9EED1D236E1C00C426F2 /* MyInfoEditTable.m in Sources */,
				67DD1AA71D17BFFF00FBEA0F /* MyInfo.m in Sources */,
				67DD1AB61D17E04F00FBEA0F /* NetworkCell.m in Sources */,
				679B9EE71D236DF900C426F2 /* MyInfoEditType1.m in Sources */,
			);
			runOnlyForDeploymentPostprocessing = 0;
		};
/* End PBXSourcesBuildPhase section */

/* Begin PBXVariantGroup section */
		67DD1A881D17BEB500FBEA0F /* LaunchScreen.storyboard */ = {
			isa = PBXVariantGroup;
			children = (
				67DD1A891D17BEB500FBEA0F /* Base */,
			);
			name = LaunchScreen.storyboard;
			sourceTree = "<group>";
		};
/* End PBXVariantGroup section */

/* Begin XCBuildConfiguration section */
		67DD1A8C1D17BEB500FBEA0F /* Debug */ = {
			isa = XCBuildConfiguration;
			buildSettings = {
				ALWAYS_SEARCH_USER_PATHS = NO;
				CLANG_ANALYZER_NONNULL = YES;
				CLANG_CXX_LANGUAGE_STANDARD = "gnu++0x";
				CLANG_CXX_LIBRARY = "libc++";
				CLANG_ENABLE_MODULES = YES;
				CLANG_ENABLE_OBJC_ARC = YES;
				CLANG_WARN_BOOL_CONVERSION = YES;
				CLANG_WARN_CONSTANT_CONVERSION = YES;
				CLANG_WARN_DIRECT_OBJC_ISA_USAGE = YES_ERROR;
				CLANG_WARN_EMPTY_BODY = YES;
				CLANG_WARN_ENUM_CONVERSION = YES;
				CLANG_WARN_INT_CONVERSION = YES;
				CLANG_WARN_OBJC_ROOT_CLASS = YES_ERROR;
				CLANG_WARN_UNREACHABLE_CODE = YES;
				CLANG_WARN__DUPLICATE_METHOD_MATCH = YES;
				"CODE_SIGN_IDENTITY[sdk=iphoneos*]" = "iPhone Developer";
				COPY_PHASE_STRIP = NO;
				DEBUG_INFORMATION_FORMAT = dwarf;
				ENABLE_STRICT_OBJC_MSGSEND = YES;
				ENABLE_TESTABILITY = YES;
				GCC_C_LANGUAGE_STANDARD = gnu99;
				GCC_DYNAMIC_NO_PIC = NO;
				GCC_NO_COMMON_BLOCKS = YES;
				GCC_OPTIMIZATION_LEVEL = 0;
				GCC_PREPROCESSOR_DEFINITIONS = (
					"DEBUG=1",
					"$(inherited)",
				);
				GCC_WARN_64_TO_32_BIT_CONVERSION = YES;
				GCC_WARN_ABOUT_RETURN_TYPE = YES_ERROR;
				GCC_WARN_UNDECLARED_SELECTOR = YES;
				GCC_WARN_UNINITIALIZED_AUTOS = YES_AGGRESSIVE;
				GCC_WARN_UNUSED_FUNCTION = YES;
				GCC_WARN_UNUSED_VARIABLE = YES;
				IPHONEOS_DEPLOYMENT_TARGET = 9.3;
				MTL_ENABLE_DEBUG_INFO = YES;
				ONLY_ACTIVE_ARCH = YES;
				SDKROOT = iphoneos;
			};
			name = Debug;
		};
		67DD1A8D1D17BEB500FBEA0F /* Release */ = {
			isa = XCBuildConfiguration;
			buildSettings = {
				ALWAYS_SEARCH_USER_PATHS = NO;
				CLANG_ANALYZER_NONNULL = YES;
				CLANG_CXX_LANGUAGE_STANDARD = "gnu++0x";
				CLANG_CXX_LIBRARY = "libc++";
				CLANG_ENABLE_MODULES = YES;
				CLANG_ENABLE_OBJC_ARC = YES;
				CLANG_WARN_BOOL_CONVERSION = YES;
				CLANG_WARN_CONSTANT_CONVERSION = YES;
				CLANG_WARN_DIRECT_OBJC_ISA_USAGE = YES_ERROR;
				CLANG_WARN_EMPTY_BODY = YES;
				CLANG_WARN_ENUM_CONVERSION = YES;
				CLANG_WARN_INT_CONVERSION = YES;
				CLANG_WARN_OBJC_ROOT_CLASS = YES_ERROR;
				CLANG_WARN_UNREACHABLE_CODE = YES;
				CLANG_WARN__DUPLICATE_METHOD_MATCH = YES;
				"CODE_SIGN_IDENTITY[sdk=iphoneos*]" = "iPhone Developer";
				COPY_PHASE_STRIP = NO;
				DEBUG_INFORMATION_FORMAT = "dwarf-with-dsym";
				ENABLE_NS_ASSERTIONS = NO;
				ENABLE_STRICT_OBJC_MSGSEND = YES;
				GCC_C_LANGUAGE_STANDARD = gnu99;
				GCC_NO_COMMON_BLOCKS = YES;
				GCC_WARN_64_TO_32_BIT_CONVERSION = YES;
				GCC_WARN_ABOUT_RETURN_TYPE = YES_ERROR;
				GCC_WARN_UNDECLARED_SELECTOR = YES;
				GCC_WARN_UNINITIALIZED_AUTOS = YES_AGGRESSIVE;
				GCC_WARN_UNUSED_FUNCTION = YES;
				GCC_WARN_UNUSED_VARIABLE = YES;
				IPHONEOS_DEPLOYMENT_TARGET = 9.3;
				MTL_ENABLE_DEBUG_INFO = NO;
				SDKROOT = iphoneos;
				VALIDATE_PRODUCT = YES;
			};
			name = Release;
		};
		67DD1A8F1D17BEB500FBEA0F /* Debug */ = {
			isa = XCBuildConfiguration;
			buildSettings = {
				ASSETCATALOG_COMPILER_APPICON_NAME = AppIcon;
				CODE_SIGN_IDENTITY = "iPhone Developer";
				INFOPLIST_FILE = Nety/Info.plist;
				LD_RUNPATH_SEARCH_PATHS = "$(inherited) @executable_path/Frameworks";
				PRODUCT_BUNDLE_IDENTIFIER = com.change.Nety;
				PRODUCT_NAME = "$(TARGET_NAME)";
			};
			name = Debug;
		};
		67DD1A901D17BEB500FBEA0F /* Release */ = {
			isa = XCBuildConfiguration;
			buildSettings = {
				ASSETCATALOG_COMPILER_APPICON_NAME = AppIcon;
				CODE_SIGN_IDENTITY = "iPhone Developer";
				INFOPLIST_FILE = Nety/Info.plist;
				LD_RUNPATH_SEARCH_PATHS = "$(inherited) @executable_path/Frameworks";
				PRODUCT_BUNDLE_IDENTIFIER = com.change.Nety;
				PRODUCT_NAME = "$(TARGET_NAME)";
			};
			name = Release;
		};
/* End XCBuildConfiguration section */

/* Begin XCConfigurationList section */
		67DD1A721D17BEB500FBEA0F /* Build configuration list for PBXProject "Nety" */ = {
			isa = XCConfigurationList;
			buildConfigurations = (
				67DD1A8C1D17BEB500FBEA0F /* Debug */,
				67DD1A8D1D17BEB500FBEA0F /* Release */,
			);
			defaultConfigurationIsVisible = 0;
			defaultConfigurationName = Release;
		};
		67DD1A8E1D17BEB500FBEA0F /* Build configuration list for PBXNativeTarget "Nety" */ = {
			isa = XCConfigurationList;
			buildConfigurations = (
				67DD1A8F1D17BEB500FBEA0F /* Debug */,
				67DD1A901D17BEB500FBEA0F /* Release */,
			);
			defaultConfigurationIsVisible = 0;
			defaultConfigurationName = Release;
		};
/* End XCConfigurationList section */
	};
	rootObject = 67DD1A6F1D17BEB500FBEA0F /* Project object */;
}
