// !$*UTF8*$!
{
	archiveVersion = 1;
	classes = {
	};
	objectVersion = 46;
	objects = {

/* Begin PBXBuildFile section */
		60A7558738488CC025076173 /* Pods_Nety.framework in Frameworks */ = {isa = PBXBuildFile; fileRef = 4EF861BBC72529E816531A8D /* Pods_Nety.framework */; };
		673338F71D20937C00A8009F /* MyNetworkCell.m in Sources */ = {isa = PBXBuildFile; fileRef = 673338F61D20937C00A8009F /* MyNetworkCell.m */; };
		6733390E1D20B5ED00A8009F /* ChatCell.m in Sources */ = {isa = PBXBuildFile; fileRef = 6733390D1D20B5ED00A8009F /* ChatCell.m */; };
		673E2BB31D6E64C000AB139F /* ChatButtonCell.m in Sources */ = {isa = PBXBuildFile; fileRef = 673E2BB21D6E64C000AB139F /* ChatButtonCell.m */; };
		673E2BB61D6E656800AB139F /* MainInfoCell.m in Sources */ = {isa = PBXBuildFile; fileRef = 673E2BB51D6E656800AB139F /* MainInfoCell.m */; };
		673E2BB91D6E657100AB139F /* ExperienceCell.m in Sources */ = {isa = PBXBuildFile; fileRef = 673E2BB81D6E657100AB139F /* ExperienceCell.m */; };
		673E2BBC1D6E657C00AB139F /* InterestCell.m in Sources */ = {isa = PBXBuildFile; fileRef = 673E2BBB1D6E657C00AB139F /* InterestCell.m */; };
		673E2BC01D6EC98700AB139F /* MyInfoMainCell.m in Sources */ = {isa = PBXBuildFile; fileRef = 673E2BBF1D6EC98700AB139F /* MyInfoMainCell.m */; };
		673E2BC31D6EC99900AB139F /* MyInfoExperienceCell.m in Sources */ = {isa = PBXBuildFile; fileRef = 673E2BC21D6EC99900AB139F /* MyInfoExperienceCell.m */; };
		673E2BC61D6EC9AB00AB139F /* MyInfoInterestCell.m in Sources */ = {isa = PBXBuildFile; fileRef = 673E2BC51D6EC9AB00AB139F /* MyInfoInterestCell.m */; };
		673E58701D6AAE6400D28F5B /* NewChats.m in Sources */ = {isa = PBXBuildFile; fileRef = 673E586F1D6AAE6400D28F5B /* NewChats.m */; };
		673E58731D6AAE7900D28F5B /* MyChats.m in Sources */ = {isa = PBXBuildFile; fileRef = 673E58721D6AAE7900D28F5B /* MyChats.m */; };
		673E58761D6AAFA300D28F5B /* CAPSPageMenu.m in Sources */ = {isa = PBXBuildFile; fileRef = 673E58751D6AAFA300D28F5B /* CAPSPageMenu.m */; };
		67602F501D2EC75F00DA2F3A /* Messages.m in Sources */ = {isa = PBXBuildFile; fileRef = 67602F4F1D2EC75F00DA2F3A /* Messages.m */; };
		67602F521D2EC76900DA2F3A /* Messages.storyboard in Resources */ = {isa = PBXBuildFile; fileRef = 67602F511D2EC76900DA2F3A /* Messages.storyboard */; };
		67606C6E1D24888700AD127E /* MyInfoEditExperience.m in Sources */ = {isa = PBXBuildFile; fileRef = 67606C6D1D24888700AD127E /* MyInfoEditExperience.m */; };
		676B51BE1DE21AF0002B7B66 /* GeoFire.m in Sources */ = {isa = PBXBuildFile; fileRef = 676B51B51DE21AF0002B7B66 /* GeoFire.m */; };
		676B51BF1DE21AF0002B7B66 /* GFBase32Utils.m in Sources */ = {isa = PBXBuildFile; fileRef = 676B51B71DE21AF0002B7B66 /* GFBase32Utils.m */; };
		676B51C01DE21AF0002B7B66 /* GFGeoHash.m in Sources */ = {isa = PBXBuildFile; fileRef = 676B51B91DE21AF0002B7B66 /* GFGeoHash.m */; };
		676B51C11DE21AF0002B7B66 /* GFGeoHashQuery.m in Sources */ = {isa = PBXBuildFile; fileRef = 676B51BB1DE21AF0002B7B66 /* GFGeoHashQuery.m */; };
		676B51C21DE21AF0002B7B66 /* GFQuery.m in Sources */ = {isa = PBXBuildFile; fileRef = 676B51BD1DE21AF0002B7B66 /* GFQuery.m */; };
		678138A81D33A94E00BFBF48 /* Settings.storyboard in Resources */ = {isa = PBXBuildFile; fileRef = 678138A71D33A94E00BFBF48 /* Settings.storyboard */; };
		678138AB1D33B2DD00BFBF48 /* Settings.m in Sources */ = {isa = PBXBuildFile; fileRef = 678138AA1D33B2DD00BFBF48 /* Settings.m */; };
		6792FA7B1D83468300A39111 /* Localizable.strings in Resources */ = {isa = PBXBuildFile; fileRef = 6792FA7D1D83468300A39111 /* Localizable.strings */; };
		679B9EE71D236DF900C426F2 /* MyInfoEditType1.m in Sources */ = {isa = PBXBuildFile; fileRef = 679B9EE61D236DF900C426F2 /* MyInfoEditType1.m */; };
		679B9EEA1D236E0A00C426F2 /* MyInfoEditType2.m in Sources */ = {isa = PBXBuildFile; fileRef = 679B9EE91D236E0A00C426F2 /* MyInfoEditType2.m */; };
		679B9EED1D236E1C00C426F2 /* MyInfoEditTable.m in Sources */ = {isa = PBXBuildFile; fileRef = 679B9EEC1D236E1C00C426F2 /* MyInfoEditTable.m */; };
		679B9EF01D2396A700C426F2 /* MyInfoEditTableCell.m in Sources */ = {isa = PBXBuildFile; fileRef = 679B9EEF1D2396A700C426F2 /* MyInfoEditTableCell.m */; };
		67B2400F1D40594600F011BB /* Constants.m in Sources */ = {isa = PBXBuildFile; fileRef = 67B2400E1D40594600F011BB /* Constants.m */; };
		67CD9C2E1D3C75E800823701 /* NoContent.xib in Resources */ = {isa = PBXBuildFile; fileRef = 67CD9C2D1D3C75E800823701 /* NoContent.xib */; };
		67CD9C311D3C795600823701 /* NoContent.m in Sources */ = {isa = PBXBuildFile; fileRef = 67CD9C301D3C795600823701 /* NoContent.m */; };
		67D4AD5F1D26333D00F42B7F /* LoginSignup.storyboard in Resources */ = {isa = PBXBuildFile; fileRef = 67D4AD5E1D26333D00F42B7F /* LoginSignup.storyboard */; };
		67D4AD621D26536000F42B7F /* MainPage.m in Sources */ = {isa = PBXBuildFile; fileRef = 67D4AD611D26536000F42B7F /* MainPage.m */; };
		67D4AD651D265A7E00F42B7F /* Login.m in Sources */ = {isa = PBXBuildFile; fileRef = 67D4AD641D265A7E00F42B7F /* Login.m */; };
		67DA188E1DDF9400000F9318 /* BackgroundTaskManager.m in Sources */ = {isa = PBXBuildFile; fileRef = 67DA188D1DDF9400000F9318 /* BackgroundTaskManager.m */; };
		67DA18911DDF9443000F9318 /* LocationShareModel.m in Sources */ = {isa = PBXBuildFile; fileRef = 67DA18901DDF9443000F9318 /* LocationShareModel.m */; };
		67DA18941DDF9465000F9318 /* LocationTracker.m in Sources */ = {isa = PBXBuildFile; fileRef = 67DA18931DDF9465000F9318 /* LocationTracker.m */; };
		67DD1A7C1D17BEB500FBEA0F /* main.m in Sources */ = {isa = PBXBuildFile; fileRef = 67DD1A7B1D17BEB500FBEA0F /* main.m */; };
		67DD1A7F1D17BEB500FBEA0F /* AppDelegate.m in Sources */ = {isa = PBXBuildFile; fileRef = 67DD1A7E1D17BEB500FBEA0F /* AppDelegate.m */; };
		67DD1A871D17BEB500FBEA0F /* Assets.xcassets in Resources */ = {isa = PBXBuildFile; fileRef = 67DD1A861D17BEB500FBEA0F /* Assets.xcassets */; };
		67DD1A8A1D17BEB500FBEA0F /* LaunchScreen.storyboard in Resources */ = {isa = PBXBuildFile; fileRef = 67DD1A881D17BEB500FBEA0F /* LaunchScreen.storyboard */; };
		67DD1A981D17BF1700FBEA0F /* Network.m in Sources */ = {isa = PBXBuildFile; fileRef = 67DD1A971D17BF1700FBEA0F /* Network.m */; };
		67DD1A9A1D17BF2100FBEA0F /* Network.storyboard in Resources */ = {isa = PBXBuildFile; fileRef = 67DD1A991D17BF2100FBEA0F /* Network.storyboard */; };
		67DD1A9D1D17BF6900FBEA0F /* MyNetwork.m in Sources */ = {isa = PBXBuildFile; fileRef = 67DD1A9C1D17BF6900FBEA0F /* MyNetwork.m */; };
		67DD1A9F1D17BF7200FBEA0F /* MyNetwork.storyboard in Resources */ = {isa = PBXBuildFile; fileRef = 67DD1A9E1D17BF7200FBEA0F /* MyNetwork.storyboard */; };
		67DD1AA21D17BFC300FBEA0F /* Chat.m in Sources */ = {isa = PBXBuildFile; fileRef = 67DD1AA11D17BFC300FBEA0F /* Chat.m */; };
		67DD1AA41D17BFCC00FBEA0F /* Chat.storyboard in Resources */ = {isa = PBXBuildFile; fileRef = 67DD1AA31D17BFCC00FBEA0F /* Chat.storyboard */; };
		67DD1AA71D17BFFF00FBEA0F /* MyInfo.m in Sources */ = {isa = PBXBuildFile; fileRef = 67DD1AA61D17BFFF00FBEA0F /* MyInfo.m */; };
		67DD1AA91D17C00600FBEA0F /* MyInfo.storyboard in Resources */ = {isa = PBXBuildFile; fileRef = 67DD1AA81D17C00600FBEA0F /* MyInfo.storyboard */; };
		67DD1AAD1D17C3E600FBEA0F /* Profile.m in Sources */ = {isa = PBXBuildFile; fileRef = 67DD1AAC1D17C3E600FBEA0F /* Profile.m */; };
		67DD1AAF1D17C3EF00FBEA0F /* Profile.storyboard in Resources */ = {isa = PBXBuildFile; fileRef = 67DD1AAE1D17C3EF00FBEA0F /* Profile.storyboard */; };
		67DD1AB31D17D40D00FBEA0F /* UIPrinciples.m in Sources */ = {isa = PBXBuildFile; fileRef = 67DD1AB21D17D40D00FBEA0F /* UIPrinciples.m */; };
		67DD1AB61D17E04F00FBEA0F /* NetworkCell.m in Sources */ = {isa = PBXBuildFile; fileRef = 67DD1AB51D17E04F00FBEA0F /* NetworkCell.m */; };
		8B178C701DE98384001ADA0E /* CrossFadeSegue.m in Sources */ = {isa = PBXBuildFile; fileRef = 8B178C6F1DE98384001ADA0E /* CrossFadeSegue.m */; };
		8B1D56F81DE31C7B00E90636 /* UserData.m in Sources */ = {isa = PBXBuildFile; fileRef = 8B1D56F71DE31C7B00E90636 /* UserData.m */; };
		8B1D56FE1DE31CC600E90636 /* SignUpTextField.m in Sources */ = {isa = PBXBuildFile; fileRef = 8B1D56FB1DE31CC600E90636 /* SignUpTextField.m */; };
		8B1D56FF1DE31CC600E90636 /* SignUpTextView.m in Sources */ = {isa = PBXBuildFile; fileRef = 8B1D56FD1DE31CC600E90636 /* SignUpTextView.m */; };
		8B1D57021DE31CD500E90636 /* Regex.m in Sources */ = {isa = PBXBuildFile; fileRef = 8B1D57011DE31CD500E90636 /* Regex.m */; };
		8B1D57061DE31D0800E90636 /* WhoYouAreVC.m in Sources */ = {isa = PBXBuildFile; fileRef = 8B1D57051DE31D0800E90636 /* WhoYouAreVC.m */; };
		8B1D57091DE31D7400E90636 /* NameSignUpVC.m in Sources */ = {isa = PBXBuildFile; fileRef = 8B1D57081DE31D7400E90636 /* NameSignUpVC.m */; };
		8B1D570C1DE31D8000E90636 /* ImageSignUpVC.m in Sources */ = {isa = PBXBuildFile; fileRef = 8B1D570B1DE31D8000E90636 /* ImageSignUpVC.m */; };
		8B1D570F1DE31D8B00E90636 /* ExperienceSignUpVC.m in Sources */ = {isa = PBXBuildFile; fileRef = 8B1D570E1DE31D8B00E90636 /* ExperienceSignUpVC.m */; };
		8B1D57121DE31D9200E90636 /* BaseSignUpViewController.m in Sources */ = {isa = PBXBuildFile; fileRef = 8B1D57111DE31D9200E90636 /* BaseSignUpViewController.m */; };
		8B1D57171DE31DA400E90636 /* AccountSignUpVC.m in Sources */ = {isa = PBXBuildFile; fileRef = 8B1D57141DE31DA400E90636 /* AccountSignUpVC.m */; };
		8B1D57181DE31DA400E90636 /* AddExperienceSignUpVC.m in Sources */ = {isa = PBXBuildFile; fileRef = 8B1D57161DE31DA400E90636 /* AddExperienceSignUpVC.m */; };
		E155F5321D763854001C1134 /* FBSDKShareKit.framework in Frameworks */ = {isa = PBXBuildFile; fileRef = E155F5311D763854001C1134 /* FBSDKShareKit.framework */; };
		E160047C1D7C0AE10098DFB1 /* Experiences+CoreDataProperties.m in Sources */ = {isa = PBXBuildFile; fileRef = E16004691D7C0AE10098DFB1 /* Experiences+CoreDataProperties.m */; };
		E160047D1D7C0AE10098DFB1 /* Experiences.m in Sources */ = {isa = PBXBuildFile; fileRef = E160046B1D7C0AE10098DFB1 /* Experiences.m */; };
		E160047E1D7C0AE10098DFB1 /* ChatRooms+CoreDataProperties.m in Sources */ = {isa = PBXBuildFile; fileRef = E160046D1D7C0AE10098DFB1 /* ChatRooms+CoreDataProperties.m */; };
		E160047F1D7C0AE10098DFB1 /* ChatRooms.m in Sources */ = {isa = PBXBuildFile; fileRef = E160046F1D7C0AE10098DFB1 /* ChatRooms.m */; };
		E16004801D7C0AE10098DFB1 /* ALL+CoreDataProperties.m in Sources */ = {isa = PBXBuildFile; fileRef = E16004711D7C0AE10098DFB1 /* ALL+CoreDataProperties.m */; };
		E16004811D7C0AE10098DFB1 /* ALL.m in Sources */ = {isa = PBXBuildFile; fileRef = E16004731D7C0AE10098DFB1 /* ALL.m */; };
		E16004821D7C0AE10098DFB1 /* Msg+CoreDataProperties.m in Sources */ = {isa = PBXBuildFile; fileRef = E16004751D7C0AE10098DFB1 /* Msg+CoreDataProperties.m */; };
		E16004831D7C0AE10098DFB1 /* Msg.m in Sources */ = {isa = PBXBuildFile; fileRef = E16004771D7C0AE10098DFB1 /* Msg.m */; };
		E16004841D7C0AE10098DFB1 /* Users+CoreDataProperties.m in Sources */ = {isa = PBXBuildFile; fileRef = E16004791D7C0AE10098DFB1 /* Users+CoreDataProperties.m */; };
		E16004851D7C0AE10098DFB1 /* Users.m in Sources */ = {isa = PBXBuildFile; fileRef = E160047B1D7C0AE10098DFB1 /* Users.m */; };
		E163EFB31D6C671E004374E3 /* linkedin-sdk.framework in Frameworks */ = {isa = PBXBuildFile; fileRef = E163EFB21D6C671D004374E3 /* linkedin-sdk.framework */; };
		E163EFC71D6C9325004374E3 /* FBSDKCoreKit.framework in Frameworks */ = {isa = PBXBuildFile; fileRef = E163EFBD1D6C9325004374E3 /* FBSDKCoreKit.framework */; };
		E163EFC81D6C9325004374E3 /* FBSDKLoginKit.framework in Frameworks */ = {isa = PBXBuildFile; fileRef = E163EFBE1D6C9325004374E3 /* FBSDKLoginKit.framework */; };
		E163EFCC1D6C9C88004374E3 /* Bolts.framework in Frameworks */ = {isa = PBXBuildFile; fileRef = E163EFCB1D6C9C88004374E3 /* Bolts.framework */; };
		E188C3FD1D6E461300CCFD0F /* MapKit.framework in Frameworks */ = {isa = PBXBuildFile; fileRef = E188C3FC1D6E461300CCFD0F /* MapKit.framework */; };
		E18CB8B51D6D9C0400742CCE /* GoogleService-Info.plist in Resources */ = {isa = PBXBuildFile; fileRef = E18CB8B41D6D9C0400742CCE /* GoogleService-Info.plist */; };
		E1E0B9211D689D8600295133 /* Nety.xcdatamodeld in Sources */ = {isa = PBXBuildFile; fileRef = E1E0B91F1D689D8600295133 /* Nety.xcdatamodeld */; };
		E1E0B9241D689DC800295133 /* N_API.m in Sources */ = {isa = PBXBuildFile; fileRef = E1E0B9231D689DC800295133 /* N_API.m */; };
		E1E0B9281D689FA700295133 /* N_CoreDataTableViewController.m in Sources */ = {isa = PBXBuildFile; fileRef = E1E0B9271D689FA700295133 /* N_CoreDataTableViewController.m */; };
/* End PBXBuildFile section */

/* Begin PBXFileReference section */
		4EF861BBC72529E816531A8D /* Pods_Nety.framework */ = {isa = PBXFileReference; explicitFileType = wrapper.framework; includeInIndex = 0; path = Pods_Nety.framework; sourceTree = BUILT_PRODUCTS_DIR; };
		673338F51D20937C00A8009F /* MyNetworkCell.h */ = {isa = PBXFileReference; fileEncoding = 4; lastKnownFileType = sourcecode.c.h; path = MyNetworkCell.h; sourceTree = "<group>"; };
		673338F61D20937C00A8009F /* MyNetworkCell.m */ = {isa = PBXFileReference; fileEncoding = 4; lastKnownFileType = sourcecode.c.objc; path = MyNetworkCell.m; sourceTree = "<group>"; };
		6733390C1D20B5ED00A8009F /* ChatCell.h */ = {isa = PBXFileReference; fileEncoding = 4; lastKnownFileType = sourcecode.c.h; path = ChatCell.h; sourceTree = "<group>"; };
		6733390D1D20B5ED00A8009F /* ChatCell.m */ = {isa = PBXFileReference; fileEncoding = 4; lastKnownFileType = sourcecode.c.objc; path = ChatCell.m; sourceTree = "<group>"; };
		673E2BB11D6E64C000AB139F /* ChatButtonCell.h */ = {isa = PBXFileReference; fileEncoding = 4; lastKnownFileType = sourcecode.c.h; path = ChatButtonCell.h; sourceTree = "<group>"; };
		673E2BB21D6E64C000AB139F /* ChatButtonCell.m */ = {isa = PBXFileReference; fileEncoding = 4; lastKnownFileType = sourcecode.c.objc; path = ChatButtonCell.m; sourceTree = "<group>"; };
		673E2BB41D6E656800AB139F /* MainInfoCell.h */ = {isa = PBXFileReference; fileEncoding = 4; lastKnownFileType = sourcecode.c.h; path = MainInfoCell.h; sourceTree = "<group>"; };
		673E2BB51D6E656800AB139F /* MainInfoCell.m */ = {isa = PBXFileReference; fileEncoding = 4; lastKnownFileType = sourcecode.c.objc; path = MainInfoCell.m; sourceTree = "<group>"; };
		673E2BB71D6E657100AB139F /* ExperienceCell.h */ = {isa = PBXFileReference; fileEncoding = 4; lastKnownFileType = sourcecode.c.h; path = ExperienceCell.h; sourceTree = "<group>"; };
		673E2BB81D6E657100AB139F /* ExperienceCell.m */ = {isa = PBXFileReference; fileEncoding = 4; lastKnownFileType = sourcecode.c.objc; path = ExperienceCell.m; sourceTree = "<group>"; };
		673E2BBA1D6E657C00AB139F /* InterestCell.h */ = {isa = PBXFileReference; fileEncoding = 4; lastKnownFileType = sourcecode.c.h; path = InterestCell.h; sourceTree = "<group>"; };
		673E2BBB1D6E657C00AB139F /* InterestCell.m */ = {isa = PBXFileReference; fileEncoding = 4; lastKnownFileType = sourcecode.c.objc; path = InterestCell.m; sourceTree = "<group>"; };
		673E2BBE1D6EC98700AB139F /* MyInfoMainCell.h */ = {isa = PBXFileReference; fileEncoding = 4; lastKnownFileType = sourcecode.c.h; path = MyInfoMainCell.h; sourceTree = "<group>"; };
		673E2BBF1D6EC98700AB139F /* MyInfoMainCell.m */ = {isa = PBXFileReference; fileEncoding = 4; lastKnownFileType = sourcecode.c.objc; path = MyInfoMainCell.m; sourceTree = "<group>"; };
		673E2BC11D6EC99900AB139F /* MyInfoExperienceCell.h */ = {isa = PBXFileReference; fileEncoding = 4; lastKnownFileType = sourcecode.c.h; path = MyInfoExperienceCell.h; sourceTree = "<group>"; };
		673E2BC21D6EC99900AB139F /* MyInfoExperienceCell.m */ = {isa = PBXFileReference; fileEncoding = 4; lastKnownFileType = sourcecode.c.objc; path = MyInfoExperienceCell.m; sourceTree = "<group>"; };
		673E2BC41D6EC9AB00AB139F /* MyInfoInterestCell.h */ = {isa = PBXFileReference; fileEncoding = 4; lastKnownFileType = sourcecode.c.h; path = MyInfoInterestCell.h; sourceTree = "<group>"; };
		673E2BC51D6EC9AB00AB139F /* MyInfoInterestCell.m */ = {isa = PBXFileReference; fileEncoding = 4; lastKnownFileType = sourcecode.c.objc; path = MyInfoInterestCell.m; sourceTree = "<group>"; };
		673E586E1D6AAE6400D28F5B /* NewChats.h */ = {isa = PBXFileReference; fileEncoding = 4; lastKnownFileType = sourcecode.c.h; path = NewChats.h; sourceTree = "<group>"; };
		673E586F1D6AAE6400D28F5B /* NewChats.m */ = {isa = PBXFileReference; fileEncoding = 4; lastKnownFileType = sourcecode.c.objc; path = NewChats.m; sourceTree = "<group>"; };
		673E58711D6AAE7900D28F5B /* MyChats.h */ = {isa = PBXFileReference; fileEncoding = 4; lastKnownFileType = sourcecode.c.h; path = MyChats.h; sourceTree = "<group>"; };
		673E58721D6AAE7900D28F5B /* MyChats.m */ = {isa = PBXFileReference; fileEncoding = 4; lastKnownFileType = sourcecode.c.objc; path = MyChats.m; sourceTree = "<group>"; };
		673E58741D6AAFA300D28F5B /* CAPSPageMenu.h */ = {isa = PBXFileReference; fileEncoding = 4; lastKnownFileType = sourcecode.c.h; name = CAPSPageMenu.h; path = ../Util/CAPSPageMenu.h; sourceTree = "<group>"; };
		673E58751D6AAFA300D28F5B /* CAPSPageMenu.m */ = {isa = PBXFileReference; fileEncoding = 4; lastKnownFileType = sourcecode.c.objc; name = CAPSPageMenu.m; path = ../Util/CAPSPageMenu.m; sourceTree = "<group>"; };
		67602F4E1D2EC75F00DA2F3A /* Messages.h */ = {isa = PBXFileReference; fileEncoding = 4; lastKnownFileType = sourcecode.c.h; path = Messages.h; sourceTree = "<group>"; };
		67602F4F1D2EC75F00DA2F3A /* Messages.m */ = {isa = PBXFileReference; fileEncoding = 4; lastKnownFileType = sourcecode.c.objc; path = Messages.m; sourceTree = "<group>"; };
		67602F511D2EC76900DA2F3A /* Messages.storyboard */ = {isa = PBXFileReference; fileEncoding = 4; lastKnownFileType = file.storyboard; path = Messages.storyboard; sourceTree = "<group>"; };
		67606C6C1D24888700AD127E /* MyInfoEditExperience.h */ = {isa = PBXFileReference; fileEncoding = 4; lastKnownFileType = sourcecode.c.h; path = MyInfoEditExperience.h; sourceTree = "<group>"; };
		67606C6D1D24888700AD127E /* MyInfoEditExperience.m */ = {isa = PBXFileReference; fileEncoding = 4; lastKnownFileType = sourcecode.c.objc; path = MyInfoEditExperience.m; sourceTree = "<group>"; };
		676B51AE1DE21AF0002B7B66 /* GeoFire.h */ = {isa = PBXFileReference; fileEncoding = 4; lastKnownFileType = sourcecode.c.h; path = GeoFire.h; sourceTree = "<group>"; };
		676B51AF1DE21AF0002B7B66 /* GFCircleQuery.h */ = {isa = PBXFileReference; fileEncoding = 4; lastKnownFileType = sourcecode.c.h; path = GFCircleQuery.h; sourceTree = "<group>"; };
		676B51B01DE21AF0002B7B66 /* GFQuery.h */ = {isa = PBXFileReference; fileEncoding = 4; lastKnownFileType = sourcecode.c.h; path = GFQuery.h; sourceTree = "<group>"; };
		676B51B11DE21AF0002B7B66 /* GFRegionQuery.h */ = {isa = PBXFileReference; fileEncoding = 4; lastKnownFileType = sourcecode.c.h; path = GFRegionQuery.h; sourceTree = "<group>"; };
		676B51B21DE21AF0002B7B66 /* GeoFire-Prefix.pch */ = {isa = PBXFileReference; fileEncoding = 4; lastKnownFileType = sourcecode.c.h; path = "GeoFire-Prefix.pch"; sourceTree = "<group>"; };
		676B51B41DE21AF0002B7B66 /* GeoFire+Private.h */ = {isa = PBXFileReference; fileEncoding = 4; lastKnownFileType = sourcecode.c.h; path = "GeoFire+Private.h"; sourceTree = "<group>"; };
		676B51B51DE21AF0002B7B66 /* GeoFire.m */ = {isa = PBXFileReference; fileEncoding = 4; lastKnownFileType = sourcecode.c.objc; path = GeoFire.m; sourceTree = "<group>"; };
		676B51B61DE21AF0002B7B66 /* GFBase32Utils.h */ = {isa = PBXFileReference; fileEncoding = 4; lastKnownFileType = sourcecode.c.h; path = GFBase32Utils.h; sourceTree = "<group>"; };
		676B51B71DE21AF0002B7B66 /* GFBase32Utils.m */ = {isa = PBXFileReference; fileEncoding = 4; lastKnownFileType = sourcecode.c.objc; path = GFBase32Utils.m; sourceTree = "<group>"; };
		676B51B81DE21AF0002B7B66 /* GFGeoHash.h */ = {isa = PBXFileReference; fileEncoding = 4; lastKnownFileType = sourcecode.c.h; path = GFGeoHash.h; sourceTree = "<group>"; };
		676B51B91DE21AF0002B7B66 /* GFGeoHash.m */ = {isa = PBXFileReference; fileEncoding = 4; lastKnownFileType = sourcecode.c.objc; path = GFGeoHash.m; sourceTree = "<group>"; };
		676B51BA1DE21AF0002B7B66 /* GFGeoHashQuery.h */ = {isa = PBXFileReference; fileEncoding = 4; lastKnownFileType = sourcecode.c.h; path = GFGeoHashQuery.h; sourceTree = "<group>"; };
		676B51BB1DE21AF0002B7B66 /* GFGeoHashQuery.m */ = {isa = PBXFileReference; fileEncoding = 4; lastKnownFileType = sourcecode.c.objc; path = GFGeoHashQuery.m; sourceTree = "<group>"; };
		676B51BC1DE21AF0002B7B66 /* GFQuery+Private.h */ = {isa = PBXFileReference; fileEncoding = 4; lastKnownFileType = sourcecode.c.h; path = "GFQuery+Private.h"; sourceTree = "<group>"; };
		676B51BD1DE21AF0002B7B66 /* GFQuery.m */ = {isa = PBXFileReference; fileEncoding = 4; lastKnownFileType = sourcecode.c.objc; path = GFQuery.m; sourceTree = "<group>"; };
		678138A71D33A94E00BFBF48 /* Settings.storyboard */ = {isa = PBXFileReference; fileEncoding = 4; lastKnownFileType = file.storyboard; path = Settings.storyboard; sourceTree = "<group>"; };
		678138A91D33B2DD00BFBF48 /* Settings.h */ = {isa = PBXFileReference; fileEncoding = 4; lastKnownFileType = sourcecode.c.h; path = Settings.h; sourceTree = "<group>"; };
		678138AA1D33B2DD00BFBF48 /* Settings.m */ = {isa = PBXFileReference; fileEncoding = 4; lastKnownFileType = sourcecode.c.objc; path = Settings.m; sourceTree = "<group>"; };
		6792FA7C1D83468300A39111 /* en */ = {isa = PBXFileReference; lastKnownFileType = text.plist.strings; name = en; path = en.lproj/Localizable.strings; sourceTree = "<group>"; };
		6792FA7E1D83469B00A39111 /* Base */ = {isa = PBXFileReference; lastKnownFileType = text.plist.strings; name = Base; path = Base.lproj/Localizable.strings; sourceTree = "<group>"; };
		6792FA7F1D834DE000A39111 /* ko */ = {isa = PBXFileReference; lastKnownFileType = text.plist.strings; name = ko; path = ko.lproj/LaunchScreen.strings; sourceTree = "<group>"; };
		6792FA801D834DE000A39111 /* ko */ = {isa = PBXFileReference; lastKnownFileType = text.plist.strings; name = ko; path = ko.lproj/Localizable.strings; sourceTree = "<group>"; };
		6792FA811D834E2600A39111 /* bg */ = {isa = PBXFileReference; lastKnownFileType = text.plist.strings; name = bg; path = bg.lproj/LaunchScreen.strings; sourceTree = "<group>"; };
		6792FA821D834E2600A39111 /* bg */ = {isa = PBXFileReference; lastKnownFileType = text.plist.strings; name = bg; path = bg.lproj/Localizable.strings; sourceTree = "<group>"; };
		679B9EE51D236DF900C426F2 /* MyInfoEditType1.h */ = {isa = PBXFileReference; fileEncoding = 4; lastKnownFileType = sourcecode.c.h; path = MyInfoEditType1.h; sourceTree = "<group>"; };
		679B9EE61D236DF900C426F2 /* MyInfoEditType1.m */ = {isa = PBXFileReference; fileEncoding = 4; lastKnownFileType = sourcecode.c.objc; path = MyInfoEditType1.m; sourceTree = "<group>"; };
		679B9EE81D236E0A00C426F2 /* MyInfoEditType2.h */ = {isa = PBXFileReference; fileEncoding = 4; lastKnownFileType = sourcecode.c.h; path = MyInfoEditType2.h; sourceTree = "<group>"; };
		679B9EE91D236E0A00C426F2 /* MyInfoEditType2.m */ = {isa = PBXFileReference; fileEncoding = 4; lastKnownFileType = sourcecode.c.objc; path = MyInfoEditType2.m; sourceTree = "<group>"; };
		679B9EEB1D236E1C00C426F2 /* MyInfoEditTable.h */ = {isa = PBXFileReference; fileEncoding = 4; lastKnownFileType = sourcecode.c.h; path = MyInfoEditTable.h; sourceTree = "<group>"; };
		679B9EEC1D236E1C00C426F2 /* MyInfoEditTable.m */ = {isa = PBXFileReference; fileEncoding = 4; lastKnownFileType = sourcecode.c.objc; path = MyInfoEditTable.m; sourceTree = "<group>"; };
		679B9EEE1D2396A700C426F2 /* MyInfoEditTableCell.h */ = {isa = PBXFileReference; fileEncoding = 4; lastKnownFileType = sourcecode.c.h; path = MyInfoEditTableCell.h; sourceTree = "<group>"; };
		679B9EEF1D2396A700C426F2 /* MyInfoEditTableCell.m */ = {isa = PBXFileReference; fileEncoding = 4; lastKnownFileType = sourcecode.c.objc; path = MyInfoEditTableCell.m; sourceTree = "<group>"; };
		67B2400D1D40594600F011BB /* Constants.h */ = {isa = PBXFileReference; fileEncoding = 4; lastKnownFileType = sourcecode.c.h; path = Constants.h; sourceTree = "<group>"; };
		67B2400E1D40594600F011BB /* Constants.m */ = {isa = PBXFileReference; fileEncoding = 4; lastKnownFileType = sourcecode.c.objc; path = Constants.m; sourceTree = "<group>"; };
		67CD9C2D1D3C75E800823701 /* NoContent.xib */ = {isa = PBXFileReference; fileEncoding = 4; lastKnownFileType = file.xib; path = NoContent.xib; sourceTree = "<group>"; };
		67CD9C2F1D3C795600823701 /* NoContent.h */ = {isa = PBXFileReference; fileEncoding = 4; lastKnownFileType = sourcecode.c.h; path = NoContent.h; sourceTree = "<group>"; };
		67CD9C301D3C795600823701 /* NoContent.m */ = {isa = PBXFileReference; fileEncoding = 4; lastKnownFileType = sourcecode.c.objc; path = NoContent.m; sourceTree = "<group>"; };
		67D4AD5E1D26333D00F42B7F /* LoginSignup.storyboard */ = {isa = PBXFileReference; fileEncoding = 4; lastKnownFileType = file.storyboard; path = LoginSignup.storyboard; sourceTree = "<group>"; };
		67D4AD601D26536000F42B7F /* MainPage.h */ = {isa = PBXFileReference; fileEncoding = 4; lastKnownFileType = sourcecode.c.h; path = MainPage.h; sourceTree = "<group>"; };
		67D4AD611D26536000F42B7F /* MainPage.m */ = {isa = PBXFileReference; fileEncoding = 4; lastKnownFileType = sourcecode.c.objc; path = MainPage.m; sourceTree = "<group>"; };
		67D4AD631D265A7E00F42B7F /* Login.h */ = {isa = PBXFileReference; fileEncoding = 4; lastKnownFileType = sourcecode.c.h; path = Login.h; sourceTree = "<group>"; };
		67D4AD641D265A7E00F42B7F /* Login.m */ = {isa = PBXFileReference; fileEncoding = 4; lastKnownFileType = sourcecode.c.objc; path = Login.m; sourceTree = "<group>"; };
		67DA18871DDF912F000F9318 /* Nety.entitlements */ = {isa = PBXFileReference; lastKnownFileType = text.plist.entitlements; path = Nety.entitlements; sourceTree = "<group>"; };
		67DA188C1DDF9400000F9318 /* BackgroundTaskManager.h */ = {isa = PBXFileReference; fileEncoding = 4; lastKnownFileType = sourcecode.c.h; path = BackgroundTaskManager.h; sourceTree = "<group>"; };
		67DA188D1DDF9400000F9318 /* BackgroundTaskManager.m */ = {isa = PBXFileReference; fileEncoding = 4; lastKnownFileType = sourcecode.c.objc; path = BackgroundTaskManager.m; sourceTree = "<group>"; };
		67DA188F1DDF9443000F9318 /* LocationShareModel.h */ = {isa = PBXFileReference; fileEncoding = 4; lastKnownFileType = sourcecode.c.h; path = LocationShareModel.h; sourceTree = "<group>"; };
		67DA18901DDF9443000F9318 /* LocationShareModel.m */ = {isa = PBXFileReference; fileEncoding = 4; lastKnownFileType = sourcecode.c.objc; path = LocationShareModel.m; sourceTree = "<group>"; };
		67DA18921DDF9465000F9318 /* LocationTracker.h */ = {isa = PBXFileReference; fileEncoding = 4; lastKnownFileType = sourcecode.c.h; path = LocationTracker.h; sourceTree = "<group>"; };
		67DA18931DDF9465000F9318 /* LocationTracker.m */ = {isa = PBXFileReference; fileEncoding = 4; lastKnownFileType = sourcecode.c.objc; path = LocationTracker.m; sourceTree = "<group>"; };
		67DD1A771D17BEB500FBEA0F /* Nety.app */ = {isa = PBXFileReference; explicitFileType = wrapper.application; includeInIndex = 0; path = Nety.app; sourceTree = BUILT_PRODUCTS_DIR; };
		67DD1A7B1D17BEB500FBEA0F /* main.m */ = {isa = PBXFileReference; lastKnownFileType = sourcecode.c.objc; path = main.m; sourceTree = "<group>"; };
		67DD1A7D1D17BEB500FBEA0F /* AppDelegate.h */ = {isa = PBXFileReference; lastKnownFileType = sourcecode.c.h; path = AppDelegate.h; sourceTree = "<group>"; };
		67DD1A7E1D17BEB500FBEA0F /* AppDelegate.m */ = {isa = PBXFileReference; lastKnownFileType = sourcecode.c.objc; path = AppDelegate.m; sourceTree = "<group>"; };
		67DD1A861D17BEB500FBEA0F /* Assets.xcassets */ = {isa = PBXFileReference; lastKnownFileType = folder.assetcatalog; path = Assets.xcassets; sourceTree = "<group>"; };
		67DD1A891D17BEB500FBEA0F /* Base */ = {isa = PBXFileReference; lastKnownFileType = file.storyboard; name = Base; path = Base.lproj/LaunchScreen.storyboard; sourceTree = "<group>"; };
		67DD1A8B1D17BEB500FBEA0F /* Info.plist */ = {isa = PBXFileReference; lastKnownFileType = text.plist.xml; path = Info.plist; sourceTree = "<group>"; };
		67DD1A961D17BF1700FBEA0F /* Network.h */ = {isa = PBXFileReference; fileEncoding = 4; lastKnownFileType = sourcecode.c.h; path = Network.h; sourceTree = "<group>"; };
		67DD1A971D17BF1700FBEA0F /* Network.m */ = {isa = PBXFileReference; fileEncoding = 4; lastKnownFileType = sourcecode.c.objc; path = Network.m; sourceTree = "<group>"; };
		67DD1A991D17BF2100FBEA0F /* Network.storyboard */ = {isa = PBXFileReference; fileEncoding = 4; lastKnownFileType = file.storyboard; path = Network.storyboard; sourceTree = "<group>"; };
		67DD1A9B1D17BF6900FBEA0F /* MyNetwork.h */ = {isa = PBXFileReference; fileEncoding = 4; lastKnownFileType = sourcecode.c.h; path = MyNetwork.h; sourceTree = "<group>"; };
		67DD1A9C1D17BF6900FBEA0F /* MyNetwork.m */ = {isa = PBXFileReference; fileEncoding = 4; lastKnownFileType = sourcecode.c.objc; path = MyNetwork.m; sourceTree = "<group>"; };
		67DD1A9E1D17BF7200FBEA0F /* MyNetwork.storyboard */ = {isa = PBXFileReference; fileEncoding = 4; lastKnownFileType = file.storyboard; path = MyNetwork.storyboard; sourceTree = "<group>"; };
		67DD1AA01D17BFC300FBEA0F /* Chat.h */ = {isa = PBXFileReference; fileEncoding = 4; lastKnownFileType = sourcecode.c.h; path = Chat.h; sourceTree = "<group>"; };
		67DD1AA11D17BFC300FBEA0F /* Chat.m */ = {isa = PBXFileReference; fileEncoding = 4; lastKnownFileType = sourcecode.c.objc; path = Chat.m; sourceTree = "<group>"; };
		67DD1AA31D17BFCC00FBEA0F /* Chat.storyboard */ = {isa = PBXFileReference; fileEncoding = 4; lastKnownFileType = file.storyboard; path = Chat.storyboard; sourceTree = "<group>"; };
		67DD1AA51D17BFFF00FBEA0F /* MyInfo.h */ = {isa = PBXFileReference; fileEncoding = 4; lastKnownFileType = sourcecode.c.h; path = MyInfo.h; sourceTree = "<group>"; };
		67DD1AA61D17BFFF00FBEA0F /* MyInfo.m */ = {isa = PBXFileReference; fileEncoding = 4; lastKnownFileType = sourcecode.c.objc; path = MyInfo.m; sourceTree = "<group>"; };
		67DD1AA81D17C00600FBEA0F /* MyInfo.storyboard */ = {isa = PBXFileReference; fileEncoding = 4; lastKnownFileType = file.storyboard; path = MyInfo.storyboard; sourceTree = "<group>"; };
		67DD1AAB1D17C3E600FBEA0F /* Profile.h */ = {isa = PBXFileReference; fileEncoding = 4; lastKnownFileType = sourcecode.c.h; path = Profile.h; sourceTree = "<group>"; };
		67DD1AAC1D17C3E600FBEA0F /* Profile.m */ = {isa = PBXFileReference; fileEncoding = 4; lastKnownFileType = sourcecode.c.objc; path = Profile.m; sourceTree = "<group>"; };
		67DD1AAE1D17C3EF00FBEA0F /* Profile.storyboard */ = {isa = PBXFileReference; fileEncoding = 4; lastKnownFileType = file.storyboard; path = Profile.storyboard; sourceTree = "<group>"; };
		67DD1AB11D17D40D00FBEA0F /* UIPrinciples.h */ = {isa = PBXFileReference; fileEncoding = 4; lastKnownFileType = sourcecode.c.h; path = UIPrinciples.h; sourceTree = "<group>"; };
		67DD1AB21D17D40D00FBEA0F /* UIPrinciples.m */ = {isa = PBXFileReference; fileEncoding = 4; lastKnownFileType = sourcecode.c.objc; path = UIPrinciples.m; sourceTree = "<group>"; };
		67DD1AB41D17E04F00FBEA0F /* NetworkCell.h */ = {isa = PBXFileReference; fileEncoding = 4; lastKnownFileType = sourcecode.c.h; path = NetworkCell.h; sourceTree = "<group>"; };
		67DD1AB51D17E04F00FBEA0F /* NetworkCell.m */ = {isa = PBXFileReference; fileEncoding = 4; lastKnownFileType = sourcecode.c.objc; path = NetworkCell.m; sourceTree = "<group>"; };
		8B178C6E1DE98384001ADA0E /* CrossFadeSegue.h */ = {isa = PBXFileReference; fileEncoding = 4; lastKnownFileType = sourcecode.c.h; path = CrossFadeSegue.h; sourceTree = "<group>"; };
		8B178C6F1DE98384001ADA0E /* CrossFadeSegue.m */ = {isa = PBXFileReference; fileEncoding = 4; lastKnownFileType = sourcecode.c.objc; path = CrossFadeSegue.m; sourceTree = "<group>"; };
		8B1D56F61DE31C7B00E90636 /* UserData.h */ = {isa = PBXFileReference; fileEncoding = 4; lastKnownFileType = sourcecode.c.h; path = UserData.h; sourceTree = "<group>"; };
		8B1D56F71DE31C7B00E90636 /* UserData.m */ = {isa = PBXFileReference; fileEncoding = 4; lastKnownFileType = sourcecode.c.objc; path = UserData.m; sourceTree = "<group>"; };
		8B1D56FA1DE31CC600E90636 /* SignUpTextField.h */ = {isa = PBXFileReference; fileEncoding = 4; lastKnownFileType = sourcecode.c.h; path = SignUpTextField.h; sourceTree = "<group>"; };
		8B1D56FB1DE31CC600E90636 /* SignUpTextField.m */ = {isa = PBXFileReference; fileEncoding = 4; lastKnownFileType = sourcecode.c.objc; path = SignUpTextField.m; sourceTree = "<group>"; };
		8B1D56FC1DE31CC600E90636 /* SignUpTextView.h */ = {isa = PBXFileReference; fileEncoding = 4; lastKnownFileType = sourcecode.c.h; path = SignUpTextView.h; sourceTree = "<group>"; };
		8B1D56FD1DE31CC600E90636 /* SignUpTextView.m */ = {isa = PBXFileReference; fileEncoding = 4; lastKnownFileType = sourcecode.c.objc; path = SignUpTextView.m; sourceTree = "<group>"; };
		8B1D57001DE31CD500E90636 /* Regex.h */ = {isa = PBXFileReference; fileEncoding = 4; lastKnownFileType = sourcecode.c.h; path = Regex.h; sourceTree = "<group>"; };
		8B1D57011DE31CD500E90636 /* Regex.m */ = {isa = PBXFileReference; fileEncoding = 4; lastKnownFileType = sourcecode.c.objc; path = Regex.m; sourceTree = "<group>"; };
		8B1D57041DE31D0800E90636 /* WhoYouAreVC.h */ = {isa = PBXFileReference; fileEncoding = 4; lastKnownFileType = sourcecode.c.h; path = WhoYouAreVC.h; sourceTree = "<group>"; };
		8B1D57051DE31D0800E90636 /* WhoYouAreVC.m */ = {isa = PBXFileReference; fileEncoding = 4; lastKnownFileType = sourcecode.c.objc; path = WhoYouAreVC.m; sourceTree = "<group>"; };
		8B1D57071DE31D7400E90636 /* NameSignUpVC.h */ = {isa = PBXFileReference; fileEncoding = 4; lastKnownFileType = sourcecode.c.h; path = NameSignUpVC.h; sourceTree = "<group>"; };
		8B1D57081DE31D7400E90636 /* NameSignUpVC.m */ = {isa = PBXFileReference; fileEncoding = 4; lastKnownFileType = sourcecode.c.objc; path = NameSignUpVC.m; sourceTree = "<group>"; };
		8B1D570A1DE31D8000E90636 /* ImageSignUpVC.h */ = {isa = PBXFileReference; fileEncoding = 4; lastKnownFileType = sourcecode.c.h; path = ImageSignUpVC.h; sourceTree = "<group>"; };
		8B1D570B1DE31D8000E90636 /* ImageSignUpVC.m */ = {isa = PBXFileReference; fileEncoding = 4; lastKnownFileType = sourcecode.c.objc; path = ImageSignUpVC.m; sourceTree = "<group>"; };
		8B1D570D1DE31D8B00E90636 /* ExperienceSignUpVC.h */ = {isa = PBXFileReference; fileEncoding = 4; lastKnownFileType = sourcecode.c.h; path = ExperienceSignUpVC.h; sourceTree = "<group>"; };
		8B1D570E1DE31D8B00E90636 /* ExperienceSignUpVC.m */ = {isa = PBXFileReference; fileEncoding = 4; lastKnownFileType = sourcecode.c.objc; path = ExperienceSignUpVC.m; sourceTree = "<group>"; };
		8B1D57101DE31D9200E90636 /* BaseSignUpViewController.h */ = {isa = PBXFileReference; fileEncoding = 4; lastKnownFileType = sourcecode.c.h; path = BaseSignUpViewController.h; sourceTree = "<group>"; };
		8B1D57111DE31D9200E90636 /* BaseSignUpViewController.m */ = {isa = PBXFileReference; fileEncoding = 4; lastKnownFileType = sourcecode.c.objc; path = BaseSignUpViewController.m; sourceTree = "<group>"; };
		8B1D57131DE31DA400E90636 /* AccountSignUpVC.h */ = {isa = PBXFileReference; fileEncoding = 4; lastKnownFileType = sourcecode.c.h; path = AccountSignUpVC.h; sourceTree = "<group>"; };
		8B1D57141DE31DA400E90636 /* AccountSignUpVC.m */ = {isa = PBXFileReference; fileEncoding = 4; lastKnownFileType = sourcecode.c.objc; path = AccountSignUpVC.m; sourceTree = "<group>"; };
		8B1D57151DE31DA400E90636 /* AddExperienceSignUpVC.h */ = {isa = PBXFileReference; fileEncoding = 4; lastKnownFileType = sourcecode.c.h; path = AddExperienceSignUpVC.h; sourceTree = "<group>"; };
		8B1D57161DE31DA400E90636 /* AddExperienceSignUpVC.m */ = {isa = PBXFileReference; fileEncoding = 4; lastKnownFileType = sourcecode.c.objc; path = AddExperienceSignUpVC.m; sourceTree = "<group>"; };
		E155F5311D763854001C1134 /* FBSDKShareKit.framework */ = {isa = PBXFileReference; lastKnownFileType = wrapper.framework; name = FBSDKShareKit.framework; path = ../FBSDKShareKit.framework; sourceTree = "<group>"; };
		E16004681D7C0AE10098DFB1 /* Experiences+CoreDataProperties.h */ = {isa = PBXFileReference; fileEncoding = 4; lastKnownFileType = sourcecode.c.h; name = "Experiences+CoreDataProperties.h"; path = "CoreData/Experiences+CoreDataProperties.h"; sourceTree = "<group>"; };
		E16004691D7C0AE10098DFB1 /* Experiences+CoreDataProperties.m */ = {isa = PBXFileReference; fileEncoding = 4; lastKnownFileType = sourcecode.c.objc; name = "Experiences+CoreDataProperties.m"; path = "CoreData/Experiences+CoreDataProperties.m"; sourceTree = "<group>"; };
		E160046A1D7C0AE10098DFB1 /* Experiences.h */ = {isa = PBXFileReference; fileEncoding = 4; lastKnownFileType = sourcecode.c.h; name = Experiences.h; path = CoreData/Experiences.h; sourceTree = "<group>"; };
		E160046B1D7C0AE10098DFB1 /* Experiences.m */ = {isa = PBXFileReference; fileEncoding = 4; lastKnownFileType = sourcecode.c.objc; name = Experiences.m; path = CoreData/Experiences.m; sourceTree = "<group>"; };
		E160046C1D7C0AE10098DFB1 /* ChatRooms+CoreDataProperties.h */ = {isa = PBXFileReference; fileEncoding = 4; lastKnownFileType = sourcecode.c.h; name = "ChatRooms+CoreDataProperties.h"; path = "CoreData/ChatRooms+CoreDataProperties.h"; sourceTree = "<group>"; };
		E160046D1D7C0AE10098DFB1 /* ChatRooms+CoreDataProperties.m */ = {isa = PBXFileReference; fileEncoding = 4; lastKnownFileType = sourcecode.c.objc; name = "ChatRooms+CoreDataProperties.m"; path = "CoreData/ChatRooms+CoreDataProperties.m"; sourceTree = "<group>"; };
		E160046E1D7C0AE10098DFB1 /* ChatRooms.h */ = {isa = PBXFileReference; fileEncoding = 4; lastKnownFileType = sourcecode.c.h; name = ChatRooms.h; path = CoreData/ChatRooms.h; sourceTree = "<group>"; };
		E160046F1D7C0AE10098DFB1 /* ChatRooms.m */ = {isa = PBXFileReference; fileEncoding = 4; lastKnownFileType = sourcecode.c.objc; name = ChatRooms.m; path = CoreData/ChatRooms.m; sourceTree = "<group>"; };
		E16004701D7C0AE10098DFB1 /* ALL+CoreDataProperties.h */ = {isa = PBXFileReference; fileEncoding = 4; lastKnownFileType = sourcecode.c.h; name = "ALL+CoreDataProperties.h"; path = "CoreData/ALL+CoreDataProperties.h"; sourceTree = "<group>"; };
		E16004711D7C0AE10098DFB1 /* ALL+CoreDataProperties.m */ = {isa = PBXFileReference; fileEncoding = 4; lastKnownFileType = sourcecode.c.objc; name = "ALL+CoreDataProperties.m"; path = "CoreData/ALL+CoreDataProperties.m"; sourceTree = "<group>"; };
		E16004721D7C0AE10098DFB1 /* ALL.h */ = {isa = PBXFileReference; fileEncoding = 4; lastKnownFileType = sourcecode.c.h; name = ALL.h; path = CoreData/ALL.h; sourceTree = "<group>"; };
		E16004731D7C0AE10098DFB1 /* ALL.m */ = {isa = PBXFileReference; fileEncoding = 4; lastKnownFileType = sourcecode.c.objc; name = ALL.m; path = CoreData/ALL.m; sourceTree = "<group>"; };
		E16004741D7C0AE10098DFB1 /* Msg+CoreDataProperties.h */ = {isa = PBXFileReference; fileEncoding = 4; lastKnownFileType = sourcecode.c.h; name = "Msg+CoreDataProperties.h"; path = "CoreData/Msg+CoreDataProperties.h"; sourceTree = "<group>"; };
		E16004751D7C0AE10098DFB1 /* Msg+CoreDataProperties.m */ = {isa = PBXFileReference; fileEncoding = 4; lastKnownFileType = sourcecode.c.objc; name = "Msg+CoreDataProperties.m"; path = "CoreData/Msg+CoreDataProperties.m"; sourceTree = "<group>"; };
		E16004761D7C0AE10098DFB1 /* Msg.h */ = {isa = PBXFileReference; fileEncoding = 4; lastKnownFileType = sourcecode.c.h; name = Msg.h; path = CoreData/Msg.h; sourceTree = "<group>"; };
		E16004771D7C0AE10098DFB1 /* Msg.m */ = {isa = PBXFileReference; fileEncoding = 4; lastKnownFileType = sourcecode.c.objc; name = Msg.m; path = CoreData/Msg.m; sourceTree = "<group>"; };
		E16004781D7C0AE10098DFB1 /* Users+CoreDataProperties.h */ = {isa = PBXFileReference; fileEncoding = 4; lastKnownFileType = sourcecode.c.h; name = "Users+CoreDataProperties.h"; path = "CoreData/Users+CoreDataProperties.h"; sourceTree = "<group>"; };
		E16004791D7C0AE10098DFB1 /* Users+CoreDataProperties.m */ = {isa = PBXFileReference; fileEncoding = 4; lastKnownFileType = sourcecode.c.objc; name = "Users+CoreDataProperties.m"; path = "CoreData/Users+CoreDataProperties.m"; sourceTree = "<group>"; };
		E160047A1D7C0AE10098DFB1 /* Users.h */ = {isa = PBXFileReference; fileEncoding = 4; lastKnownFileType = sourcecode.c.h; name = Users.h; path = CoreData/Users.h; sourceTree = "<group>"; };
		E160047B1D7C0AE10098DFB1 /* Users.m */ = {isa = PBXFileReference; fileEncoding = 4; lastKnownFileType = sourcecode.c.objc; name = Users.m; path = CoreData/Users.m; sourceTree = "<group>"; };
		E163EFB21D6C671D004374E3 /* linkedin-sdk.framework */ = {isa = PBXFileReference; lastKnownFileType = wrapper.framework; path = "linkedin-sdk.framework"; sourceTree = "<group>"; };
		E163EFBA1D6C9325004374E3 /* FacebookSDKStrings.bundle */ = {isa = PBXFileReference; lastKnownFileType = "wrapper.plug-in"; path = FacebookSDKStrings.bundle; sourceTree = "<group>"; };
		E163EFBD1D6C9325004374E3 /* FBSDKCoreKit.framework */ = {isa = PBXFileReference; lastKnownFileType = wrapper.framework; path = FBSDKCoreKit.framework; sourceTree = "<group>"; };
		E163EFBE1D6C9325004374E3 /* FBSDKLoginKit.framework */ = {isa = PBXFileReference; lastKnownFileType = wrapper.framework; path = FBSDKLoginKit.framework; sourceTree = "<group>"; };
		E163EFCB1D6C9C88004374E3 /* Bolts.framework */ = {isa = PBXFileReference; lastKnownFileType = wrapper.framework; name = Bolts.framework; path = FacebookSDKStrings.bundle/Bolts.framework; sourceTree = "<group>"; };
		E188C3FC1D6E461300CCFD0F /* MapKit.framework */ = {isa = PBXFileReference; lastKnownFileType = wrapper.framework; name = MapKit.framework; path = System/Library/Frameworks/MapKit.framework; sourceTree = SDKROOT; };
		E18CB8B41D6D9C0400742CCE /* GoogleService-Info.plist */ = {isa = PBXFileReference; fileEncoding = 4; lastKnownFileType = text.plist.xml; path = "GoogleService-Info.plist"; sourceTree = "<group>"; };
		E1E0B9201D689D8600295133 /* Nety.xcdatamodel */ = {isa = PBXFileReference; lastKnownFileType = wrapper.xcdatamodel; path = Nety.xcdatamodel; sourceTree = "<group>"; };
		E1E0B9221D689DC800295133 /* N_API.h */ = {isa = PBXFileReference; fileEncoding = 4; lastKnownFileType = sourcecode.c.h; name = N_API.h; path = CoreData/N_API.h; sourceTree = "<group>"; };
		E1E0B9231D689DC800295133 /* N_API.m */ = {isa = PBXFileReference; fileEncoding = 4; lastKnownFileType = sourcecode.c.objc; name = N_API.m; path = CoreData/N_API.m; sourceTree = "<group>"; };
		E1E0B9261D689FA700295133 /* N_CoreDataTableViewController.h */ = {isa = PBXFileReference; fileEncoding = 4; lastKnownFileType = sourcecode.c.h; name = N_CoreDataTableViewController.h; path = CoreData/N_CoreDataTableViewController.h; sourceTree = "<group>"; };
		E1E0B9271D689FA700295133 /* N_CoreDataTableViewController.m */ = {isa = PBXFileReference; fileEncoding = 4; lastKnownFileType = sourcecode.c.objc; name = N_CoreDataTableViewController.m; path = CoreData/N_CoreDataTableViewController.m; sourceTree = "<group>"; };
		E1E0B94E1D6A14C900295133 /* PrefixHeader.pch */ = {isa = PBXFileReference; fileEncoding = 4; lastKnownFileType = sourcecode.c.h; path = PrefixHeader.pch; sourceTree = "<group>"; };
		F54AA5667C77CDF66580A14B /* Pods-Nety.release.xcconfig */ = {isa = PBXFileReference; includeInIndex = 1; lastKnownFileType = text.xcconfig; name = "Pods-Nety.release.xcconfig"; path = "Pods/Target Support Files/Pods-Nety/Pods-Nety.release.xcconfig"; sourceTree = "<group>"; };
		FF528C7AD2D307F687B9C7F0 /* Pods-Nety.debug.xcconfig */ = {isa = PBXFileReference; includeInIndex = 1; lastKnownFileType = text.xcconfig; name = "Pods-Nety.debug.xcconfig"; path = "Pods/Target Support Files/Pods-Nety/Pods-Nety.debug.xcconfig"; sourceTree = "<group>"; };
/* End PBXFileReference section */

/* Begin PBXFrameworksBuildPhase section */
		67DD1A741D17BEB500FBEA0F /* Frameworks */ = {
			isa = PBXFrameworksBuildPhase;
			buildActionMask = 2147483647;
			files = (
				E163EFCC1D6C9C88004374E3 /* Bolts.framework in Frameworks */,
				E163EFB31D6C671E004374E3 /* linkedin-sdk.framework in Frameworks */,
				E155F5321D763854001C1134 /* FBSDKShareKit.framework in Frameworks */,
				E163EFC71D6C9325004374E3 /* FBSDKCoreKit.framework in Frameworks */,
				E188C3FD1D6E461300CCFD0F /* MapKit.framework in Frameworks */,
				E163EFC81D6C9325004374E3 /* FBSDKLoginKit.framework in Frameworks */,
				60A7558738488CC025076173 /* Pods_Nety.framework in Frameworks */,
			);
			runOnlyForDeploymentPostprocessing = 0;
		};
/* End PBXFrameworksBuildPhase section */

/* Begin PBXGroup section */
		03F805C815948FF15789BFA9 /* Pods */ = {
			isa = PBXGroup;
			children = (
				FF528C7AD2D307F687B9C7F0 /* Pods-Nety.debug.xcconfig */,
				F54AA5667C77CDF66580A14B /* Pods-Nety.release.xcconfig */,
			);
			name = Pods;
			sourceTree = "<group>";
		};
		673338F81D2098D200A8009F /* Lib */ = {
			isa = PBXGroup;
			children = (
				E155F5311D763854001C1134 /* FBSDKShareKit.framework */,
				E163EFB21D6C671D004374E3 /* linkedin-sdk.framework */,
				67CD9C2D1D3C75E800823701 /* NoContent.xib */,
				67CD9C2F1D3C795600823701 /* NoContent.h */,
				67CD9C301D3C795600823701 /* NoContent.m */,
				673E58741D6AAFA300D28F5B /* CAPSPageMenu.h */,
				673E58751D6AAFA300D28F5B /* CAPSPageMenu.m */,
				676B51AC1DE21AF0002B7B66 /* GeoFire */,
				E163EFB61D6C9303004374E3 /* FB */,
			);
			path = Lib;
			sourceTree = "<group>";
		};
		67391DEB1D27F75800A50C03 /* Login */ = {
			isa = PBXGroup;
			children = (
				67D4AD631D265A7E00F42B7F /* Login.h */,
				67D4AD641D265A7E00F42B7F /* Login.m */,
			);
			name = Login;
			sourceTree = "<group>";
		};
		673E2BAD1D6D881000AB139F /* Cells */ = {
			isa = PBXGroup;
			children = (
				673E2BB11D6E64C000AB139F /* ChatButtonCell.h */,
				673E2BB21D6E64C000AB139F /* ChatButtonCell.m */,
				673E2BB41D6E656800AB139F /* MainInfoCell.h */,
				673E2BB51D6E656800AB139F /* MainInfoCell.m */,
				673E2BB71D6E657100AB139F /* ExperienceCell.h */,
				673E2BB81D6E657100AB139F /* ExperienceCell.m */,
				673E2BBA1D6E657C00AB139F /* InterestCell.h */,
				673E2BBB1D6E657C00AB139F /* InterestCell.m */,
			);
			name = Cells;
			sourceTree = "<group>";
		};
		673E2BBD1D6EC96800AB139F /* MyInfoCells */ = {
			isa = PBXGroup;
			children = (
				673E2BBE1D6EC98700AB139F /* MyInfoMainCell.h */,
				673E2BBF1D6EC98700AB139F /* MyInfoMainCell.m */,
				673E2BC11D6EC99900AB139F /* MyInfoExperienceCell.h */,
				673E2BC21D6EC99900AB139F /* MyInfoExperienceCell.m */,
				673E2BC41D6EC9AB00AB139F /* MyInfoInterestCell.h */,
				673E2BC51D6EC9AB00AB139F /* MyInfoInterestCell.m */,
			);
			name = MyInfoCells;
			sourceTree = "<group>";
		};
		67602F4A1D2EBEB900DA2F3A /* Messages */ = {
			isa = PBXGroup;
			children = (
				67602F4E1D2EC75F00DA2F3A /* Messages.h */,
				67602F4F1D2EC75F00DA2F3A /* Messages.m */,
				67602F511D2EC76900DA2F3A /* Messages.storyboard */,
			);
			path = Messages;
			sourceTree = "<group>";
		};
		676B51AC1DE21AF0002B7B66 /* GeoFire */ = {
			isa = PBXGroup;
			children = (
				676B51AD1DE21AF0002B7B66 /* API */,
				676B51B21DE21AF0002B7B66 /* GeoFire-Prefix.pch */,
				676B51B31DE21AF0002B7B66 /* Implementation */,
			);
			path = GeoFire;
			sourceTree = "<group>";
		};
		676B51AD1DE21AF0002B7B66 /* API */ = {
			isa = PBXGroup;
			children = (
				676B51AE1DE21AF0002B7B66 /* GeoFire.h */,
				676B51AF1DE21AF0002B7B66 /* GFCircleQuery.h */,
				676B51B01DE21AF0002B7B66 /* GFQuery.h */,
				676B51B11DE21AF0002B7B66 /* GFRegionQuery.h */,
			);
			path = API;
			sourceTree = "<group>";
		};
		676B51B31DE21AF0002B7B66 /* Implementation */ = {
			isa = PBXGroup;
			children = (
				676B51B41DE21AF0002B7B66 /* GeoFire+Private.h */,
				676B51B51DE21AF0002B7B66 /* GeoFire.m */,
				676B51B61DE21AF0002B7B66 /* GFBase32Utils.h */,
				676B51B71DE21AF0002B7B66 /* GFBase32Utils.m */,
				676B51B81DE21AF0002B7B66 /* GFGeoHash.h */,
				676B51B91DE21AF0002B7B66 /* GFGeoHash.m */,
				676B51BA1DE21AF0002B7B66 /* GFGeoHashQuery.h */,
				676B51BB1DE21AF0002B7B66 /* GFGeoHashQuery.m */,
				676B51BC1DE21AF0002B7B66 /* GFQuery+Private.h */,
				676B51BD1DE21AF0002B7B66 /* GFQuery.m */,
			);
			path = Implementation;
			sourceTree = "<group>";
		};
		678138A31D33A92B00BFBF48 /* Settings */ = {
			isa = PBXGroup;
			children = (
				678138A91D33B2DD00BFBF48 /* Settings.h */,
				678138AA1D33B2DD00BFBF48 /* Settings.m */,
				678138A71D33A94E00BFBF48 /* Settings.storyboard */,
			);
			path = Settings;
			sourceTree = "<group>";
		};
		679B9EF11D23971E00C426F2 /* MyInfoEditType1 */ = {
			isa = PBXGroup;
			children = (
				679B9EE51D236DF900C426F2 /* MyInfoEditType1.h */,
				679B9EE61D236DF900C426F2 /* MyInfoEditType1.m */,
			);
			name = MyInfoEditType1;
			sourceTree = "<group>";
		};
		679B9EF21D23973400C426F2 /* MyInfoEditType2 */ = {
			isa = PBXGroup;
			children = (
				679B9EE81D236E0A00C426F2 /* MyInfoEditType2.h */,
				679B9EE91D236E0A00C426F2 /* MyInfoEditType2.m */,
			);
			name = MyInfoEditType2;
			sourceTree = "<group>";
		};
		679B9EF31D23974000C426F2 /* MyInfoEditTable */ = {
			isa = PBXGroup;
			children = (
				679B9EEB1D236E1C00C426F2 /* MyInfoEditTable.h */,
				679B9EEC1D236E1C00C426F2 /* MyInfoEditTable.m */,
				679B9EEE1D2396A700C426F2 /* MyInfoEditTableCell.h */,
				679B9EEF1D2396A700C426F2 /* MyInfoEditTableCell.m */,
				67606C6C1D24888700AD127E /* MyInfoEditExperience.h */,
				67606C6D1D24888700AD127E /* MyInfoEditExperience.m */,
			);
			name = MyInfoEditTable;
			sourceTree = "<group>";
		};
		67D4AD5D1D2632E900F42B7F /* LoginSignup */ = {
			isa = PBXGroup;
			children = (
				8B1D57031DE31CFC00E90636 /* Signup */,
				67D4AD5E1D26333D00F42B7F /* LoginSignup.storyboard */,
				67D4AD601D26536000F42B7F /* MainPage.h */,
				67D4AD611D26536000F42B7F /* MainPage.m */,
				67391DEB1D27F75800A50C03 /* Login */,
			);
			path = LoginSignup;
			sourceTree = "<group>";
		};
		67DA188B1DDF93EB000F9318 /* LocationManager */ = {
			isa = PBXGroup;
			children = (
				67DA188C1DDF9400000F9318 /* BackgroundTaskManager.h */,
				67DA188D1DDF9400000F9318 /* BackgroundTaskManager.m */,
				67DA188F1DDF9443000F9318 /* LocationShareModel.h */,
				67DA18901DDF9443000F9318 /* LocationShareModel.m */,
				67DA18921DDF9465000F9318 /* LocationTracker.h */,
				67DA18931DDF9465000F9318 /* LocationTracker.m */,
			);
			path = LocationManager;
			sourceTree = "<group>";
		};
		67DD1A6E1D17BEB500FBEA0F = {
			isa = PBXGroup;
			children = (
				67DD1A791D17BEB500FBEA0F /* Nety */,
				67DD1A781D17BEB500FBEA0F /* Products */,
				B852F7677337544B123B08BC /* Frameworks */,
				03F805C815948FF15789BFA9 /* Pods */,
			);
			sourceTree = "<group>";
		};
		67DD1A781D17BEB500FBEA0F /* Products */ = {
			isa = PBXGroup;
			children = (
				67DD1A771D17BEB500FBEA0F /* Nety.app */,
			);
			name = Products;
			sourceTree = "<group>";
		};
		67DD1A791D17BEB500FBEA0F /* Nety */ = {
			isa = PBXGroup;
			children = (
				8B1D56F91DE31CBE00E90636 /* Views */,
				8B1D56F51DE31C6600E90636 /* Models */,
				67DA18871DDF912F000F9318 /* Nety.entitlements */,
				673338F81D2098D200A8009F /* Lib */,
				67DD1AB01D17D3DF00FBEA0F /* Util */,
				67DD1A911D17BEF200FBEA0F /* ViewControllers */,
				67DD1A7A1D17BEB500FBEA0F /* Supporting Files */,
			);
			path = Nety;
			sourceTree = "<group>";
		};
		67DD1A7A1D17BEB500FBEA0F /* Supporting Files */ = {
			isa = PBXGroup;
			children = (
				E1E0B91E1D689D6200295133 /* CoreData */,
				67DD1A7D1D17BEB500FBEA0F /* AppDelegate.h */,
				67DD1A7E1D17BEB500FBEA0F /* AppDelegate.m */,
				E1E0B94E1D6A14C900295133 /* PrefixHeader.pch */,
				67DD1A861D17BEB500FBEA0F /* Assets.xcassets */,
				67DD1A881D17BEB500FBEA0F /* LaunchScreen.storyboard */,
				E18CB8B41D6D9C0400742CCE /* GoogleService-Info.plist */,
				67DD1A8B1D17BEB500FBEA0F /* Info.plist */,
				67DD1A7B1D17BEB500FBEA0F /* main.m */,
			);
			name = "Supporting Files";
			sourceTree = "<group>";
		};
		67DD1A911D17BEF200FBEA0F /* ViewControllers */ = {
			isa = PBXGroup;
			children = (
				67D4AD5D1D2632E900F42B7F /* LoginSignup */,
				67DD1AAA1D17C3D100FBEA0F /* Profile */,
				67DD1A951D17BEF200FBEA0F /* Network */,
				67DD1A941D17BEF200FBEA0F /* MyNetwork */,
				67DD1A921D17BEF200FBEA0F /* Chat */,
				678138A31D33A92B00BFBF48 /* Settings */,
				67602F4A1D2EBEB900DA2F3A /* Messages */,
				67DD1A931D17BEF200FBEA0F /* MyInfo */,
			);
			path = ViewControllers;
			sourceTree = "<group>";
		};
		67DD1A921D17BEF200FBEA0F /* Chat */ = {
			isa = PBXGroup;
			children = (
				67DD1AA01D17BFC300FBEA0F /* Chat.h */,
				67DD1AA11D17BFC300FBEA0F /* Chat.m */,
				673E586E1D6AAE6400D28F5B /* NewChats.h */,
				673E586F1D6AAE6400D28F5B /* NewChats.m */,
				673E58711D6AAE7900D28F5B /* MyChats.h */,
				673E58721D6AAE7900D28F5B /* MyChats.m */,
				67DD1AA31D17BFCC00FBEA0F /* Chat.storyboard */,
				6733390C1D20B5ED00A8009F /* ChatCell.h */,
				6733390D1D20B5ED00A8009F /* ChatCell.m */,
			);
			path = Chat;
			sourceTree = "<group>";
		};
		67DD1A931D17BEF200FBEA0F /* MyInfo */ = {
			isa = PBXGroup;
			children = (
				673E2BBD1D6EC96800AB139F /* MyInfoCells */,
				67DD1AA51D17BFFF00FBEA0F /* MyInfo.h */,
				67DD1AA61D17BFFF00FBEA0F /* MyInfo.m */,
				67DD1AA81D17C00600FBEA0F /* MyInfo.storyboard */,
				679B9EF11D23971E00C426F2 /* MyInfoEditType1 */,
				679B9EF21D23973400C426F2 /* MyInfoEditType2 */,
				679B9EF31D23974000C426F2 /* MyInfoEditTable */,
			);
			path = MyInfo;
			sourceTree = "<group>";
		};
		67DD1A941D17BEF200FBEA0F /* MyNetwork */ = {
			isa = PBXGroup;
			children = (
				67DD1A9B1D17BF6900FBEA0F /* MyNetwork.h */,
				67DD1A9C1D17BF6900FBEA0F /* MyNetwork.m */,
				67DD1A9E1D17BF7200FBEA0F /* MyNetwork.storyboard */,
				673338F51D20937C00A8009F /* MyNetworkCell.h */,
				673338F61D20937C00A8009F /* MyNetworkCell.m */,
			);
			path = MyNetwork;
			sourceTree = "<group>";
		};
		67DD1A951D17BEF200FBEA0F /* Network */ = {
			isa = PBXGroup;
			children = (
				67DD1A961D17BF1700FBEA0F /* Network.h */,
				67DD1A971D17BF1700FBEA0F /* Network.m */,
				67DD1A991D17BF2100FBEA0F /* Network.storyboard */,
				67DD1AB41D17E04F00FBEA0F /* NetworkCell.h */,
				67DD1AB51D17E04F00FBEA0F /* NetworkCell.m */,
			);
			path = Network;
			sourceTree = "<group>";
		};
		67DD1AAA1D17C3D100FBEA0F /* Profile */ = {
			isa = PBXGroup;
			children = (
				673E2BAD1D6D881000AB139F /* Cells */,
				67DD1AAB1D17C3E600FBEA0F /* Profile.h */,
				67DD1AAC1D17C3E600FBEA0F /* Profile.m */,
				67DD1AAE1D17C3EF00FBEA0F /* Profile.storyboard */,
			);
			path = Profile;
			sourceTree = "<group>";
		};
		67DD1AB01D17D3DF00FBEA0F /* Util */ = {
			isa = PBXGroup;
			children = (
				8B178C6E1DE98384001ADA0E /* CrossFadeSegue.h */,
				8B178C6F1DE98384001ADA0E /* CrossFadeSegue.m */,
				8B1D57001DE31CD500E90636 /* Regex.h */,
				8B1D57011DE31CD500E90636 /* Regex.m */,
				67DA188B1DDF93EB000F9318 /* LocationManager */,
				67DD1AB11D17D40D00FBEA0F /* UIPrinciples.h */,
				67DD1AB21D17D40D00FBEA0F /* UIPrinciples.m */,
				67B2400D1D40594600F011BB /* Constants.h */,
				67B2400E1D40594600F011BB /* Constants.m */,
				6792FA7D1D83468300A39111 /* Localizable.strings */,
			);
			path = Util;
			sourceTree = "<group>";
		};
		8B1D56F51DE31C6600E90636 /* Models */ = {
			isa = PBXGroup;
			children = (
				8B1D56F61DE31C7B00E90636 /* UserData.h */,
				8B1D56F71DE31C7B00E90636 /* UserData.m */,
			);
			name = Models;
			sourceTree = "<group>";
		};
		8B1D56F91DE31CBE00E90636 /* Views */ = {
			isa = PBXGroup;
			children = (
				8B1D56FA1DE31CC600E90636 /* SignUpTextField.h */,
				8B1D56FB1DE31CC600E90636 /* SignUpTextField.m */,
				8B1D56FC1DE31CC600E90636 /* SignUpTextView.h */,
				8B1D56FD1DE31CC600E90636 /* SignUpTextView.m */,
			);
			name = Views;
			sourceTree = "<group>";
		};
		8B1D57031DE31CFC00E90636 /* Signup */ = {
			isa = PBXGroup;
			children = (
				8B1D57101DE31D9200E90636 /* BaseSignUpViewController.h */,
				8B1D57111DE31D9200E90636 /* BaseSignUpViewController.m */,
				8B1D57071DE31D7400E90636 /* NameSignUpVC.h */,
				8B1D57081DE31D7400E90636 /* NameSignUpVC.m */,
				8B1D57131DE31DA400E90636 /* AccountSignUpVC.h */,
				8B1D57141DE31DA400E90636 /* AccountSignUpVC.m */,
				8B1D57041DE31D0800E90636 /* WhoYouAreVC.h */,
				8B1D57051DE31D0800E90636 /* WhoYouAreVC.m */,
				8B1D570D1DE31D8B00E90636 /* ExperienceSignUpVC.h */,
				8B1D570E1DE31D8B00E90636 /* ExperienceSignUpVC.m */,
				8B1D57151DE31DA400E90636 /* AddExperienceSignUpVC.h */,
				8B1D57161DE31DA400E90636 /* AddExperienceSignUpVC.m */,
				8B1D570A1DE31D8000E90636 /* ImageSignUpVC.h */,
				8B1D570B1DE31D8000E90636 /* ImageSignUpVC.m */,
			);
			name = Signup;
			sourceTree = "<group>";
		};
		B852F7677337544B123B08BC /* Frameworks */ = {
			isa = PBXGroup;
			children = (
				E188C3FC1D6E461300CCFD0F /* MapKit.framework */,
				4EF861BBC72529E816531A8D /* Pods_Nety.framework */,
			);
			name = Frameworks;
			sourceTree = "<group>";
		};
		E163EFB61D6C9303004374E3 /* FB */ = {
			isa = PBXGroup;
			children = (
				E163EFCB1D6C9C88004374E3 /* Bolts.framework */,
				E163EFBA1D6C9325004374E3 /* FacebookSDKStrings.bundle */,
				E163EFBD1D6C9325004374E3 /* FBSDKCoreKit.framework */,
				E163EFBE1D6C9325004374E3 /* FBSDKLoginKit.framework */,
			);
			name = FB;
			sourceTree = "<group>";
		};
		E1E0B91E1D689D6200295133 /* CoreData */ = {
			isa = PBXGroup;
			children = (
				E1E0B91F1D689D8600295133 /* Nety.xcdatamodeld */,
				E1E0B92F1D68A64400295133 /* NetyUsersModel */,
				E1E0B9221D689DC800295133 /* N_API.h */,
				E1E0B9231D689DC800295133 /* N_API.m */,
				E1E0B9251D689F6600295133 /* CoreDataTableView */,
			);
			name = CoreData;
			sourceTree = "<group>";
		};
		E1E0B9251D689F6600295133 /* CoreDataTableView */ = {
			isa = PBXGroup;
			children = (
				E1E0B9261D689FA700295133 /* N_CoreDataTableViewController.h */,
				E1E0B9271D689FA700295133 /* N_CoreDataTableViewController.m */,
			);
			name = CoreDataTableView;
			sourceTree = "<group>";
		};
		E1E0B92F1D68A64400295133 /* NetyUsersModel */ = {
			isa = PBXGroup;
			children = (
				E16004681D7C0AE10098DFB1 /* Experiences+CoreDataProperties.h */,
				E16004691D7C0AE10098DFB1 /* Experiences+CoreDataProperties.m */,
				E160046A1D7C0AE10098DFB1 /* Experiences.h */,
				E160046B1D7C0AE10098DFB1 /* Experiences.m */,
				E160046C1D7C0AE10098DFB1 /* ChatRooms+CoreDataProperties.h */,
				E160046D1D7C0AE10098DFB1 /* ChatRooms+CoreDataProperties.m */,
				E160046E1D7C0AE10098DFB1 /* ChatRooms.h */,
				E160046F1D7C0AE10098DFB1 /* ChatRooms.m */,
				E16004701D7C0AE10098DFB1 /* ALL+CoreDataProperties.h */,
				E16004711D7C0AE10098DFB1 /* ALL+CoreDataProperties.m */,
				E16004721D7C0AE10098DFB1 /* ALL.h */,
				E16004731D7C0AE10098DFB1 /* ALL.m */,
				E16004741D7C0AE10098DFB1 /* Msg+CoreDataProperties.h */,
				E16004751D7C0AE10098DFB1 /* Msg+CoreDataProperties.m */,
				E16004761D7C0AE10098DFB1 /* Msg.h */,
				E16004771D7C0AE10098DFB1 /* Msg.m */,
				E16004781D7C0AE10098DFB1 /* Users+CoreDataProperties.h */,
				E16004791D7C0AE10098DFB1 /* Users+CoreDataProperties.m */,
				E160047A1D7C0AE10098DFB1 /* Users.h */,
				E160047B1D7C0AE10098DFB1 /* Users.m */,
			);
			name = NetyUsersModel;
			sourceTree = "<group>";
		};
/* End PBXGroup section */

/* Begin PBXNativeTarget section */
		67DD1A761D17BEB500FBEA0F /* Nety */ = {
			isa = PBXNativeTarget;
			buildConfigurationList = 67DD1A8E1D17BEB500FBEA0F /* Build configuration list for PBXNativeTarget "Nety" */;
			buildPhases = (
				86BBFA4D63E3C08387A97EBC /* [CP] Check Pods Manifest.lock */,
				67DD1A731D17BEB500FBEA0F /* Sources */,
				67DD1A741D17BEB500FBEA0F /* Frameworks */,
				67DD1A751D17BEB500FBEA0F /* Resources */,
				8228A38FC26922036D6B6353 /* [CP] Embed Pods Frameworks */,
				7809983E8B6066FA7EF37B5B /* [CP] Copy Pods Resources */,
			);
			buildRules = (
			);
			dependencies = (
			);
			name = Nety;
			productName = Nety;
			productReference = 67DD1A771D17BEB500FBEA0F /* Nety.app */;
			productType = "com.apple.product-type.application";
		};
/* End PBXNativeTarget section */

/* Begin PBXProject section */
		67DD1A6F1D17BEB500FBEA0F /* Project object */ = {
			isa = PBXProject;
			attributes = {
				LastUpgradeCheck = 0730;
				ORGANIZATIONNAME = "Scott Cho";
				TargetAttributes = {
					67DD1A761D17BEB500FBEA0F = {
						CreatedOnToolsVersion = 7.3.1;
						DevelopmentTeam = U9677H3UDV;
						ProvisioningStyle = Automatic;
						SystemCapabilities = {
							com.apple.BackgroundModes = {
								enabled = 1;
							};
							com.apple.Maps.iOS = {
								enabled = 1;
							};
							com.apple.Push = {
								enabled = 1;
							};
						};
					};
				};
			};
			buildConfigurationList = 67DD1A721D17BEB500FBEA0F /* Build configuration list for PBXProject "Nety" */;
			compatibilityVersion = "Xcode 3.2";
			developmentRegion = English;
			hasScannedForEncodings = 0;
			knownRegions = (
				en,
				Base,
				ko,
				bg,
			);
			mainGroup = 67DD1A6E1D17BEB500FBEA0F;
			productRefGroup = 67DD1A781D17BEB500FBEA0F /* Products */;
			projectDirPath = "";
			projectRoot = "";
			targets = (
				67DD1A761D17BEB500FBEA0F /* Nety */,
			);
		};
/* End PBXProject section */

/* Begin PBXResourcesBuildPhase section */
		67DD1A751D17BEB500FBEA0F /* Resources */ = {
			isa = PBXResourcesBuildPhase;
			buildActionMask = 2147483647;
			files = (
				67DD1A9A1D17BF2100FBEA0F /* Network.storyboard in Resources */,
				67DD1A8A1D17BEB500FBEA0F /* LaunchScreen.storyboard in Resources */,
				67602F521D2EC76900DA2F3A /* Messages.storyboard in Resources */,
				67DD1A871D17BEB500FBEA0F /* Assets.xcassets in Resources */,
				67DD1AA41D17BFCC00FBEA0F /* Chat.storyboard in Resources */,
				67D4AD5F1D26333D00F42B7F /* LoginSignup.storyboard in Resources */,
				67DD1AA91D17C00600FBEA0F /* MyInfo.storyboard in Resources */,
				E18CB8B51D6D9C0400742CCE /* GoogleService-Info.plist in Resources */,
				678138A81D33A94E00BFBF48 /* Settings.storyboard in Resources */,
				6792FA7B1D83468300A39111 /* Localizable.strings in Resources */,
				67DD1AAF1D17C3EF00FBEA0F /* Profile.storyboard in Resources */,
				67DD1A9F1D17BF7200FBEA0F /* MyNetwork.storyboard in Resources */,
				67CD9C2E1D3C75E800823701 /* NoContent.xib in Resources */,
			);
			runOnlyForDeploymentPostprocessing = 0;
		};
/* End PBXResourcesBuildPhase section */

/* Begin PBXShellScriptBuildPhase section */
		7809983E8B6066FA7EF37B5B /* [CP] Copy Pods Resources */ = {
			isa = PBXShellScriptBuildPhase;
			buildActionMask = 2147483647;
			files = (
			);
			inputPaths = (
			);
			name = "[CP] Copy Pods Resources";
			outputPaths = (
			);
			runOnlyForDeploymentPostprocessing = 0;
			shellPath = /bin/sh;
			shellScript = "\"${SRCROOT}/Pods/Target Support Files/Pods-Nety/Pods-Nety-resources.sh\"\n";
			showEnvVarsInLog = 0;
		};
		8228A38FC26922036D6B6353 /* [CP] Embed Pods Frameworks */ = {
			isa = PBXShellScriptBuildPhase;
			buildActionMask = 2147483647;
			files = (
			);
			inputPaths = (
			);
			name = "[CP] Embed Pods Frameworks";
			outputPaths = (
			);
			runOnlyForDeploymentPostprocessing = 0;
			shellPath = /bin/sh;
			shellScript = "\"${SRCROOT}/Pods/Target Support Files/Pods-Nety/Pods-Nety-frameworks.sh\"\n";
			showEnvVarsInLog = 0;
		};
		86BBFA4D63E3C08387A97EBC /* [CP] Check Pods Manifest.lock */ = {
			isa = PBXShellScriptBuildPhase;
			buildActionMask = 2147483647;
			files = (
			);
			inputPaths = (
			);
			name = "[CP] Check Pods Manifest.lock";
			outputPaths = (
			);
			runOnlyForDeploymentPostprocessing = 0;
			shellPath = /bin/sh;
			shellScript = "diff \"${PODS_ROOT}/../Podfile.lock\" \"${PODS_ROOT}/Manifest.lock\" > /dev/null\nif [ $? != 0 ] ; then\n    # print error to STDERR\n    echo \"error: The sandbox is not in sync with the Podfile.lock. Run 'pod install' or update your CocoaPods installation.\" >&2\n    exit 1\nfi\n";
			showEnvVarsInLog = 0;
		};
/* End PBXShellScriptBuildPhase section */

/* Begin PBXSourcesBuildPhase section */
		67DD1A731D17BEB500FBEA0F /* Sources */ = {
			isa = PBXSourcesBuildPhase;
			buildActionMask = 2147483647;
			files = (
				67DD1AB31D17D40D00FBEA0F /* UIPrinciples.m in Sources */,
				676B51C11DE21AF0002B7B66 /* GFGeoHashQuery.m in Sources */,
				67606C6E1D24888700AD127E /* MyInfoEditExperience.m in Sources */,
				673E2BB91D6E657100AB139F /* ExperienceCell.m in Sources */,
				8B1D57061DE31D0800E90636 /* WhoYouAreVC.m in Sources */,
				8B1D57171DE31DA400E90636 /* AccountSignUpVC.m in Sources */,
				678138AB1D33B2DD00BFBF48 /* Settings.m in Sources */,
				E16004841D7C0AE10098DFB1 /* Users+CoreDataProperties.m in Sources */,
				67DA18941DDF9465000F9318 /* LocationTracker.m in Sources */,
				673E2BB31D6E64C000AB139F /* ChatButtonCell.m in Sources */,
				E16004801D7C0AE10098DFB1 /* ALL+CoreDataProperties.m in Sources */,
				67DD1AA21D17BFC300FBEA0F /* Chat.m in Sources */,
				67DA18911DDF9443000F9318 /* LocationShareModel.m in Sources */,
				67602F501D2EC75F00DA2F3A /* Messages.m in Sources */,
				6733390E1D20B5ED00A8009F /* ChatCell.m in Sources */,
				673E2BB61D6E656800AB139F /* MainInfoCell.m in Sources */,
				E16004851D7C0AE10098DFB1 /* Users.m in Sources */,
				8B1D57181DE31DA400E90636 /* AddExperienceSignUpVC.m in Sources */,
				E160047C1D7C0AE10098DFB1 /* Experiences+CoreDataProperties.m in Sources */,
				67D4AD651D265A7E00F42B7F /* Login.m in Sources */,
				E1E0B9241D689DC800295133 /* N_API.m in Sources */,
				8B178C701DE98384001ADA0E /* CrossFadeSegue.m in Sources */,
				679B9EF01D2396A700C426F2 /* MyInfoEditTableCell.m in Sources */,
				8B1D570F1DE31D8B00E90636 /* ExperienceSignUpVC.m in Sources */,
				8B1D57021DE31CD500E90636 /* Regex.m in Sources */,
				E160047F1D7C0AE10098DFB1 /* ChatRooms.m in Sources */,
				67CD9C311D3C795600823701 /* NoContent.m in Sources */,
				E16004831D7C0AE10098DFB1 /* Msg.m in Sources */,
				67B2400F1D40594600F011BB /* Constants.m in Sources */,
				8B1D56FF1DE31CC600E90636 /* SignUpTextView.m in Sources */,
				8B1D57091DE31D7400E90636 /* NameSignUpVC.m in Sources */,
				67DD1A7F1D17BEB500FBEA0F /* AppDelegate.m in Sources */,
				67DD1A981D17BF1700FBEA0F /* Network.m in Sources */,
				E16004821D7C0AE10098DFB1 /* Msg+CoreDataProperties.m in Sources */,
				8B1D570C1DE31D8000E90636 /* ImageSignUpVC.m in Sources */,
				676B51C21DE21AF0002B7B66 /* GFQuery.m in Sources */,
				673E58761D6AAFA300D28F5B /* CAPSPageMenu.m in Sources */,
				8B1D57121DE31D9200E90636 /* BaseSignUpViewController.m in Sources */,
				673E58701D6AAE6400D28F5B /* NewChats.m in Sources */,
				E1E0B9281D689FA700295133 /* N_CoreDataTableViewController.m in Sources */,
				676B51C01DE21AF0002B7B66 /* GFGeoHash.m in Sources */,
				67DD1A9D1D17BF6900FBEA0F /* MyNetwork.m in Sources */,
				67DD1A7C1D17BEB500FBEA0F /* main.m in Sources */,
				676B51BE1DE21AF0002B7B66 /* GeoFire.m in Sources */,
				67DA188E1DDF9400000F9318 /* BackgroundTaskManager.m in Sources */,
				679B9EEA1D236E0A00C426F2 /* MyInfoEditType2.m in Sources */,
				E1E0B9211D689D8600295133 /* Nety.xcdatamodeld in Sources */,
				E160047E1D7C0AE10098DFB1 /* ChatRooms+CoreDataProperties.m in Sources */,
				67D4AD621D26536000F42B7F /* MainPage.m in Sources */,
				8B1D56FE1DE31CC600E90636 /* SignUpTextField.m in Sources */,
				676B51BF1DE21AF0002B7B66 /* GFBase32Utils.m in Sources */,
				673E58731D6AAE7900D28F5B /* MyChats.m in Sources */,
				E16004811D7C0AE10098DFB1 /* ALL.m in Sources */,
				E160047D1D7C0AE10098DFB1 /* Experiences.m in Sources */,
				673338F71D20937C00A8009F /* MyNetworkCell.m in Sources */,
				673E2BBC1D6E657C00AB139F /* InterestCell.m in Sources */,
				673E2BC61D6EC9AB00AB139F /* MyInfoInterestCell.m in Sources */,
				67DD1AAD1D17C3E600FBEA0F /* Profile.m in Sources */,
				673E2BC31D6EC99900AB139F /* MyInfoExperienceCell.m in Sources */,
				679B9EED1D236E1C00C426F2 /* MyInfoEditTable.m in Sources */,
				67DD1AA71D17BFFF00FBEA0F /* MyInfo.m in Sources */,
				673E2BC01D6EC98700AB139F /* MyInfoMainCell.m in Sources */,
				67DD1AB61D17E04F00FBEA0F /* NetworkCell.m in Sources */,
				679B9EE71D236DF900C426F2 /* MyInfoEditType1.m in Sources */,
				8B1D56F81DE31C7B00E90636 /* UserData.m in Sources */,
			);
			runOnlyForDeploymentPostprocessing = 0;
		};
/* End PBXSourcesBuildPhase section */

/* Begin PBXVariantGroup section */
		6792FA7D1D83468300A39111 /* Localizable.strings */ = {
			isa = PBXVariantGroup;
			children = (
				6792FA7C1D83468300A39111 /* en */,
				6792FA7E1D83469B00A39111 /* Base */,
				6792FA801D834DE000A39111 /* ko */,
				6792FA821D834E2600A39111 /* bg */,
			);
			name = Localizable.strings;
			sourceTree = "<group>";
		};
		67DD1A881D17BEB500FBEA0F /* LaunchScreen.storyboard */ = {
			isa = PBXVariantGroup;
			children = (
				67DD1A891D17BEB500FBEA0F /* Base */,
				6792FA7F1D834DE000A39111 /* ko */,
				6792FA811D834E2600A39111 /* bg */,
			);
			name = LaunchScreen.storyboard;
			sourceTree = "<group>";
		};
/* End PBXVariantGroup section */

/* Begin XCBuildConfiguration section */
		67DD1A8C1D17BEB500FBEA0F /* Debug */ = {
			isa = XCBuildConfiguration;
			buildSettings = {
				ALWAYS_SEARCH_USER_PATHS = NO;
				CLANG_ANALYZER_NONNULL = YES;
				CLANG_CXX_LANGUAGE_STANDARD = "gnu++0x";
				CLANG_CXX_LIBRARY = "libc++";
				CLANG_ENABLE_MODULES = YES;
				CLANG_ENABLE_OBJC_ARC = YES;
				CLANG_WARN_BOOL_CONVERSION = YES;
				CLANG_WARN_CONSTANT_CONVERSION = YES;
				CLANG_WARN_DIRECT_OBJC_ISA_USAGE = YES_ERROR;
				CLANG_WARN_EMPTY_BODY = YES;
				CLANG_WARN_ENUM_CONVERSION = YES;
				CLANG_WARN_INT_CONVERSION = YES;
				CLANG_WARN_OBJC_ROOT_CLASS = YES_ERROR;
				CLANG_WARN_UNREACHABLE_CODE = YES;
				CLANG_WARN__DUPLICATE_METHOD_MATCH = YES;
				"CODE_SIGN_IDENTITY[sdk=iphoneos*]" = "iPhone Developer";
				COPY_PHASE_STRIP = NO;
				DEBUG_INFORMATION_FORMAT = dwarf;
				ENABLE_STRICT_OBJC_MSGSEND = YES;
				ENABLE_TESTABILITY = YES;
				GCC_C_LANGUAGE_STANDARD = gnu99;
				GCC_DYNAMIC_NO_PIC = NO;
				GCC_NO_COMMON_BLOCKS = YES;
				GCC_OPTIMIZATION_LEVEL = 0;
				GCC_PREPROCESSOR_DEFINITIONS = (
					"DEBUG=1",
					"$(inherited)",
				);
				GCC_WARN_64_TO_32_BIT_CONVERSION = YES;
				GCC_WARN_ABOUT_RETURN_TYPE = YES_ERROR;
				GCC_WARN_UNDECLARED_SELECTOR = YES;
				GCC_WARN_UNINITIALIZED_AUTOS = YES_AGGRESSIVE;
				GCC_WARN_UNUSED_FUNCTION = YES;
				GCC_WARN_UNUSED_VARIABLE = YES;
				IPHONEOS_DEPLOYMENT_TARGET = 9.3;
				MTL_ENABLE_DEBUG_INFO = YES;
				ONLY_ACTIVE_ARCH = YES;
				SDKROOT = iphoneos;
			};
			name = Debug;
		};
		67DD1A8D1D17BEB500FBEA0F /* Release */ = {
			isa = XCBuildConfiguration;
			buildSettings = {
				ALWAYS_SEARCH_USER_PATHS = NO;
				CLANG_ANALYZER_NONNULL = YES;
				CLANG_CXX_LANGUAGE_STANDARD = "gnu++0x";
				CLANG_CXX_LIBRARY = "libc++";
				CLANG_ENABLE_MODULES = YES;
				CLANG_ENABLE_OBJC_ARC = YES;
				CLANG_WARN_BOOL_CONVERSION = YES;
				CLANG_WARN_CONSTANT_CONVERSION = YES;
				CLANG_WARN_DIRECT_OBJC_ISA_USAGE = YES_ERROR;
				CLANG_WARN_EMPTY_BODY = YES;
				CLANG_WARN_ENUM_CONVERSION = YES;
				CLANG_WARN_INT_CONVERSION = YES;
				CLANG_WARN_OBJC_ROOT_CLASS = YES_ERROR;
				CLANG_WARN_UNREACHABLE_CODE = YES;
				CLANG_WARN__DUPLICATE_METHOD_MATCH = YES;
				"CODE_SIGN_IDENTITY[sdk=iphoneos*]" = "iPhone Developer";
				COPY_PHASE_STRIP = NO;
				DEBUG_INFORMATION_FORMAT = "dwarf-with-dsym";
				ENABLE_NS_ASSERTIONS = NO;
				ENABLE_STRICT_OBJC_MSGSEND = YES;
				GCC_C_LANGUAGE_STANDARD = gnu99;
				GCC_NO_COMMON_BLOCKS = YES;
				GCC_WARN_64_TO_32_BIT_CONVERSION = YES;
				GCC_WARN_ABOUT_RETURN_TYPE = YES_ERROR;
				GCC_WARN_UNDECLARED_SELECTOR = YES;
				GCC_WARN_UNINITIALIZED_AUTOS = YES_AGGRESSIVE;
				GCC_WARN_UNUSED_FUNCTION = YES;
				GCC_WARN_UNUSED_VARIABLE = YES;
				IPHONEOS_DEPLOYMENT_TARGET = 9.3;
				MTL_ENABLE_DEBUG_INFO = NO;
				SDKROOT = iphoneos;
				VALIDATE_PRODUCT = YES;
			};
			name = Release;
		};
		67DD1A8F1D17BEB500FBEA0F /* Debug */ = {
			isa = XCBuildConfiguration;
			baseConfigurationReference = FF528C7AD2D307F687B9C7F0 /* Pods-Nety.debug.xcconfig */;
			buildSettings = {
				ASSETCATALOG_COMPILER_APPICON_NAME = AppIcon;
				CODE_SIGN_ENTITLEMENTS = Nety/Nety.entitlements;
				CODE_SIGN_IDENTITY = "iPhone Developer: Scott Cho (54WUEJ883V)";
				"CODE_SIGN_IDENTITY[sdk=iphoneos*]" = "iPhone Developer";
				DEVELOPMENT_TEAM = U9677H3UDV;
				ENABLE_BITCODE = NO;
				FRAMEWORK_SEARCH_PATHS = (
					"$(inherited)",
					"$(PROJECT_DIR)/Nety/Lib",
					"$(PROJECT_DIR)/Nety/Lib/FacebookSDKStrings.bundle",
					"$(PROJECT_DIR)/Nety",
				);
				GCC_PRECOMPILE_PREFIX_HEADER = YES;
				GCC_PREFIX_HEADER = "${SRCROOT}/Nety/PrefixHeader.pch";
				INFOPLIST_FILE = Nety/Info.plist;
				IPHONEOS_DEPLOYMENT_TARGET = 9.0;
				LD_RUNPATH_SEARCH_PATHS = "$(inherited) @executable_path/Frameworks";
				PRODUCT_BUNDLE_IDENTIFIER = com.change.NetyApp;
				PRODUCT_NAME = "$(TARGET_NAME)";
				PROVISIONING_PROFILE = "";
			};
			name = Debug;
		};
		67DD1A901D17BEB500FBEA0F /* Release */ = {
			isa = XCBuildConfiguration;
			baseConfigurationReference = F54AA5667C77CDF66580A14B /* Pods-Nety.release.xcconfig */;
			buildSettings = {
				ASSETCATALOG_COMPILER_APPICON_NAME = AppIcon;
				CODE_SIGN_ENTITLEMENTS = Nety/Nety.entitlements;
				CODE_SIGN_IDENTITY = "iPhone Developer: Scott Cho (54WUEJ883V)";
				"CODE_SIGN_IDENTITY[sdk=iphoneos*]" = "iPhone Developer";
				DEVELOPMENT_TEAM = U9677H3UDV;
				ENABLE_BITCODE = NO;
				FRAMEWORK_SEARCH_PATHS = (
					"$(inherited)",
					"$(PROJECT_DIR)/Nety/Lib",
					"$(PROJECT_DIR)/Nety/Lib/FacebookSDKStrings.bundle",
					"$(PROJECT_DIR)/Nety",
				);
				GCC_PRECOMPILE_PREFIX_HEADER = YES;
				GCC_PREFIX_HEADER = "${SRCROOT}/Nety/PrefixHeader.pch";
				INFOPLIST_FILE = Nety/Info.plist;
				IPHONEOS_DEPLOYMENT_TARGET = 9.0;
				LD_RUNPATH_SEARCH_PATHS = "$(inherited) @executable_path/Frameworks";
				ONLY_ACTIVE_ARCH = YES;
				PRODUCT_BUNDLE_IDENTIFIER = com.change.NetyApp;
				PRODUCT_NAME = "$(TARGET_NAME)";
				PROVISIONING_PROFILE = "";
			};
			name = Release;
		};
/* End XCBuildConfiguration section */

/* Begin XCConfigurationList section */
		67DD1A721D17BEB500FBEA0F /* Build configuration list for PBXProject "Nety" */ = {
			isa = XCConfigurationList;
			buildConfigurations = (
				67DD1A8C1D17BEB500FBEA0F /* Debug */,
				67DD1A8D1D17BEB500FBEA0F /* Release */,
			);
			defaultConfigurationIsVisible = 0;
			defaultConfigurationName = Release;
		};
		67DD1A8E1D17BEB500FBEA0F /* Build configuration list for PBXNativeTarget "Nety" */ = {
			isa = XCConfigurationList;
			buildConfigurations = (
				67DD1A8F1D17BEB500FBEA0F /* Debug */,
				67DD1A901D17BEB500FBEA0F /* Release */,
			);
			defaultConfigurationIsVisible = 0;
			defaultConfigurationName = Release;
		};
/* End XCConfigurationList section */

/* Begin XCVersionGroup section */
		E1E0B91F1D689D8600295133 /* Nety.xcdatamodeld */ = {
			isa = XCVersionGroup;
			children = (
				E1E0B9201D689D8600295133 /* Nety.xcdatamodel */,
			);
			currentVersion = E1E0B9201D689D8600295133 /* Nety.xcdatamodel */;
			name = Nety.xcdatamodeld;
			path = CoreData/Nety.xcdatamodeld;
			sourceTree = "<group>";
			versionGroupType = wrapper.xcdatamodel;
		};
/* End XCVersionGroup section */
	};
	rootObject = 67DD1A6F1D17BEB500FBEA0F /* Project object */;
}
