// !$*UTF8*$!
{
	archiveVersion = 1;
	classes = {
	};
	objectVersion = 46;
	objects = {

/* Begin PBXBuildFile section */
		67DD1A7C1D17BEB500FBEA0F /* main.m in Sources */ = {isa = PBXBuildFile; fileRef = 67DD1A7B1D17BEB500FBEA0F /* main.m */; };
		67DD1A7F1D17BEB500FBEA0F /* AppDelegate.m in Sources */ = {isa = PBXBuildFile; fileRef = 67DD1A7E1D17BEB500FBEA0F /* AppDelegate.m */; };
		67DD1A871D17BEB500FBEA0F /* Assets.xcassets in Resources */ = {isa = PBXBuildFile; fileRef = 67DD1A861D17BEB500FBEA0F /* Assets.xcassets */; };
		67DD1A8A1D17BEB500FBEA0F /* LaunchScreen.storyboard in Resources */ = {isa = PBXBuildFile; fileRef = 67DD1A881D17BEB500FBEA0F /* LaunchScreen.storyboard */; };
		67DD1A981D17BF1700FBEA0F /* Network.m in Sources */ = {isa = PBXBuildFile; fileRef = 67DD1A971D17BF1700FBEA0F /* Network.m */; };
		67DD1A9A1D17BF2100FBEA0F /* Network.storyboard in Resources */ = {isa = PBXBuildFile; fileRef = 67DD1A991D17BF2100FBEA0F /* Network.storyboard */; };
		67DD1A9D1D17BF6900FBEA0F /* MyNetwork.m in Sources */ = {isa = PBXBuildFile; fileRef = 67DD1A9C1D17BF6900FBEA0F /* MyNetwork.m */; };
		67DD1A9F1D17BF7200FBEA0F /* MyNetwork.storyboard in Resources */ = {isa = PBXBuildFile; fileRef = 67DD1A9E1D17BF7200FBEA0F /* MyNetwork.storyboard */; };
		67DD1AA21D17BFC300FBEA0F /* Chat.m in Sources */ = {isa = PBXBuildFile; fileRef = 67DD1AA11D17BFC300FBEA0F /* Chat.m */; };
		67DD1AA41D17BFCC00FBEA0F /* Chat.storyboard in Resources */ = {isa = PBXBuildFile; fileRef = 67DD1AA31D17BFCC00FBEA0F /* Chat.storyboard */; };
		67DD1AA71D17BFFF00FBEA0F /* MyInfo.m in Sources */ = {isa = PBXBuildFile; fileRef = 67DD1AA61D17BFFF00FBEA0F /* MyInfo.m */; };
		67DD1AA91D17C00600FBEA0F /* MyInfo.storyboard in Resources */ = {isa = PBXBuildFile; fileRef = 67DD1AA81D17C00600FBEA0F /* MyInfo.storyboard */; };
		67DD1AAD1D17C3E600FBEA0F /* Profile.m in Sources */ = {isa = PBXBuildFile; fileRef = 67DD1AAC1D17C3E600FBEA0F /* Profile.m */; };
		67DD1AAF1D17C3EF00FBEA0F /* Profile.storyboard in Resources */ = {isa = PBXBuildFile; fileRef = 67DD1AAE1D17C3EF00FBEA0F /* Profile.storyboard */; };
		67DD1AB31D17D40D00FBEA0F /* UIPrinciples.m in Sources */ = {isa = PBXBuildFile; fileRef = 67DD1AB21D17D40D00FBEA0F /* UIPrinciples.m */; };
/* End PBXBuildFile section */

/* Begin PBXFileReference section */
		67DD1A771D17BEB500FBEA0F /* Nety.app */ = {isa = PBXFileReference; explicitFileType = wrapper.application; includeInIndex = 0; path = Nety.app; sourceTree = BUILT_PRODUCTS_DIR; };
		67DD1A7B1D17BEB500FBEA0F /* main.m */ = {isa = PBXFileReference; lastKnownFileType = sourcecode.c.objc; path = main.m; sourceTree = "<group>"; };
		67DD1A7D1D17BEB500FBEA0F /* AppDelegate.h */ = {isa = PBXFileReference; lastKnownFileType = sourcecode.c.h; path = AppDelegate.h; sourceTree = "<group>"; };
		67DD1A7E1D17BEB500FBEA0F /* AppDelegate.m */ = {isa = PBXFileReference; lastKnownFileType = sourcecode.c.objc; path = AppDelegate.m; sourceTree = "<group>"; };
		67DD1A861D17BEB500FBEA0F /* Assets.xcassets */ = {isa = PBXFileReference; lastKnownFileType = folder.assetcatalog; path = Assets.xcassets; sourceTree = "<group>"; };
		67DD1A891D17BEB500FBEA0F /* Base */ = {isa = PBXFileReference; lastKnownFileType = file.storyboard; name = Base; path = Base.lproj/LaunchScreen.storyboard; sourceTree = "<group>"; };
		67DD1A8B1D17BEB500FBEA0F /* Info.plist */ = {isa = PBXFileReference; lastKnownFileType = text.plist.xml; path = Info.plist; sourceTree = "<group>"; };
		67DD1A961D17BF1700FBEA0F /* Network.h */ = {isa = PBXFileReference; fileEncoding = 4; lastKnownFileType = sourcecode.c.h; path = Network.h; sourceTree = "<group>"; };
		67DD1A971D17BF1700FBEA0F /* Network.m */ = {isa = PBXFileReference; fileEncoding = 4; lastKnownFileType = sourcecode.c.objc; path = Network.m; sourceTree = "<group>"; };
		67DD1A991D17BF2100FBEA0F /* Network.storyboard */ = {isa = PBXFileReference; fileEncoding = 4; lastKnownFileType = file.storyboard; path = Network.storyboard; sourceTree = "<group>"; };
		67DD1A9B1D17BF6900FBEA0F /* MyNetwork.h */ = {isa = PBXFileReference; fileEncoding = 4; lastKnownFileType = sourcecode.c.h; path = MyNetwork.h; sourceTree = "<group>"; };
		67DD1A9C1D17BF6900FBEA0F /* MyNetwork.m */ = {isa = PBXFileReference; fileEncoding = 4; lastKnownFileType = sourcecode.c.objc; path = MyNetwork.m; sourceTree = "<group>"; };
		67DD1A9E1D17BF7200FBEA0F /* MyNetwork.storyboard */ = {isa = PBXFileReference; fileEncoding = 4; lastKnownFileType = file.storyboard; path = MyNetwork.storyboard; sourceTree = "<group>"; };
		67DD1AA01D17BFC300FBEA0F /* Chat.h */ = {isa = PBXFileReference; fileEncoding = 4; lastKnownFileType = sourcecode.c.h; path = Chat.h; sourceTree = "<group>"; };
		67DD1AA11D17BFC300FBEA0F /* Chat.m */ = {isa = PBXFileReference; fileEncoding = 4; lastKnownFileType = sourcecode.c.objc; path = Chat.m; sourceTree = "<group>"; };
		67DD1AA31D17BFCC00FBEA0F /* Chat.storyboard */ = {isa = PBXFileReference; fileEncoding = 4; lastKnownFileType = file.storyboard; path = Chat.storyboard; sourceTree = "<group>"; };
		67DD1AA51D17BFFF00FBEA0F /* MyInfo.h */ = {isa = PBXFileReference; fileEncoding = 4; lastKnownFileType = sourcecode.c.h; path = MyInfo.h; sourceTree = "<group>"; };
		67DD1AA61D17BFFF00FBEA0F /* MyInfo.m */ = {isa = PBXFileReference; fileEncoding = 4; lastKnownFileType = sourcecode.c.objc; path = MyInfo.m; sourceTree = "<group>"; };
		67DD1AA81D17C00600FBEA0F /* MyInfo.storyboard */ = {isa = PBXFileReference; fileEncoding = 4; lastKnownFileType = file.storyboard; path = MyInfo.storyboard; sourceTree = "<group>"; };
		67DD1AAB1D17C3E600FBEA0F /* Profile.h */ = {isa = PBXFileReference; fileEncoding = 4; lastKnownFileType = sourcecode.c.h; path = Profile.h; sourceTree = "<group>"; };
		67DD1AAC1D17C3E600FBEA0F /* Profile.m */ = {isa = PBXFileReference; fileEncoding = 4; lastKnownFileType = sourcecode.c.objc; path = Profile.m; sourceTree = "<group>"; };
		67DD1AAE1D17C3EF00FBEA0F /* Profile.storyboard */ = {isa = PBXFileReference; fileEncoding = 4; lastKnownFileType = file.storyboard; path = Profile.storyboard; sourceTree = "<group>"; };
		67DD1AB11D17D40D00FBEA0F /* UIPrinciples.h */ = {isa = PBXFileReference; fileEncoding = 4; lastKnownFileType = sourcecode.c.h; path = UIPrinciples.h; sourceTree = "<group>"; };
		67DD1AB21D17D40D00FBEA0F /* UIPrinciples.m */ = {isa = PBXFileReference; fileEncoding = 4; lastKnownFileType = sourcecode.c.objc; path = UIPrinciples.m; sourceTree = "<group>"; };
/* End PBXFileReference section */

/* Begin PBXFrameworksBuildPhase section */
		67DD1A741D17BEB500FBEA0F /* Frameworks */ = {
			isa = PBXFrameworksBuildPhase;
			buildActionMask = 2147483647;
			files = (
			);
			runOnlyForDeploymentPostprocessing = 0;
		};
/* End PBXFrameworksBuildPhase section */

/* Begin PBXGroup section */
		67DD1A6E1D17BEB500FBEA0F = {
			isa = PBXGroup;
			children = (
				67DD1A791D17BEB500FBEA0F /* Nety */,
				67DD1A781D17BEB500FBEA0F /* Products */,
			);
			sourceTree = "<group>";
		};
		67DD1A781D17BEB500FBEA0F /* Products */ = {
			isa = PBXGroup;
			children = (
				67DD1A771D17BEB500FBEA0F /* Nety.app */,
			);
			name = Products;
			sourceTree = "<group>";
		};
		67DD1A791D17BEB500FBEA0F /* Nety */ = {
			isa = PBXGroup;
			children = (
				67DD1AB01D17D3DF00FBEA0F /* Util */,
				67DD1A911D17BEF200FBEA0F /* ViewControllers */,
				67DD1A7A1D17BEB500FBEA0F /* Supporting Files */,
			);
			path = Nety;
			sourceTree = "<group>";
		};
		67DD1A7A1D17BEB500FBEA0F /* Supporting Files */ = {
			isa = PBXGroup;
			children = (
				67DD1A7D1D17BEB500FBEA0F /* AppDelegate.h */,
				67DD1A7E1D17BEB500FBEA0F /* AppDelegate.m */,
				67DD1A861D17BEB500FBEA0F /* Assets.xcassets */,
				67DD1A881D17BEB500FBEA0F /* LaunchScreen.storyboard */,
				67DD1A8B1D17BEB500FBEA0F /* Info.plist */,
				67DD1A7B1D17BEB500FBEA0F /* main.m */,
			);
			name = "Supporting Files";
			sourceTree = "<group>";
		};
		67DD1A911D17BEF200FBEA0F /* ViewControllers */ = {
			isa = PBXGroup;
			children = (
				67DD1AAA1D17C3D100FBEA0F /* Profile */,
				67DD1A951D17BEF200FBEA0F /* Network */,
				67DD1A941D17BEF200FBEA0F /* MyNetwork */,
				67DD1A921D17BEF200FBEA0F /* Chat */,
				67DD1A931D17BEF200FBEA0F /* MyInfo */,
			);
			path = ViewControllers;
			sourceTree = "<group>";
		};
		67DD1A921D17BEF200FBEA0F /* Chat */ = {
			isa = PBXGroup;
			children = (
				67DD1AA01D17BFC300FBEA0F /* Chat.h */,
				67DD1AA11D17BFC300FBEA0F /* Chat.m */,
				67DD1AA31D17BFCC00FBEA0F /* Chat.storyboard */,
			);
			path = Chat;
			sourceTree = "<group>";
		};
		67DD1A931D17BEF200FBEA0F /* MyInfo */ = {
			isa = PBXGroup;
			children = (
				67DD1AA51D17BFFF00FBEA0F /* MyInfo.h */,
				67DD1AA61D17BFFF00FBEA0F /* MyInfo.m */,
				67DD1AA81D17C00600FBEA0F /* MyInfo.storyboard */,
			);
			path = MyInfo;
			sourceTree = "<group>";
		};
		67DD1A941D17BEF200FBEA0F /* MyNetwork */ = {
			isa = PBXGroup;
			children = (
				67DD1A9B1D17BF6900FBEA0F /* MyNetwork.h */,
				67DD1A9C1D17BF6900FBEA0F /* MyNetwork.m */,
				67DD1A9E1D17BF7200FBEA0F /* MyNetwork.storyboard */,
			);
			path = MyNetwork;
			sourceTree = "<group>";
		};
		67DD1A951D17BEF200FBEA0F /* Network */ = {
			isa = PBXGroup;
			children = (
				67DD1A961D17BF1700FBEA0F /* Network.h */,
				67DD1A971D17BF1700FBEA0F /* Network.m */,
				67DD1A991D17BF2100FBEA0F /* Network.storyboard */,
			);
			path = Network;
			sourceTree = "<group>";
		};
		67DD1AAA1D17C3D100FBEA0F /* Profile */ = {
			isa = PBXGroup;
			children = (
				67DD1AAB1D17C3E600FBEA0F /* Profile.h */,
				67DD1AAC1D17C3E600FBEA0F /* Profile.m */,
				67DD1AAE1D17C3EF00FBEA0F /* Profile.storyboard */,
			);
			path = Profile;
			sourceTree = "<group>";
		};
		67DD1AB01D17D3DF00FBEA0F /* Util */ = {
			isa = PBXGroup;
			children = (
				67DD1AB11D17D40D00FBEA0F /* UIPrinciples.h */,
				67DD1AB21D17D40D00FBEA0F /* UIPrinciples.m */,
			);
			path = Util;
			sourceTree = "<group>";
		};
/* End PBXGroup section */

/* Begin PBXNativeTarget section */
		67DD1A761D17BEB500FBEA0F /* Nety */ = {
			isa = PBXNativeTarget;
			buildConfigurationList = 67DD1A8E1D17BEB500FBEA0F /* Build configuration list for PBXNativeTarget "Nety" */;
			buildPhases = (
				67DD1A731D17BEB500FBEA0F /* Sources */,
				67DD1A741D17BEB500FBEA0F /* Frameworks */,
				67DD1A751D17BEB500FBEA0F /* Resources */,
			);
			buildRules = (
			);
			dependencies = (
			);
			name = Nety;
			productName = Nety;
			productReference = 67DD1A771D17BEB500FBEA0F /* Nety.app */;
			productType = "com.apple.product-type.application";
		};
/* End PBXNativeTarget section */

/* Begin PBXProject section */
		67DD1A6F1D17BEB500FBEA0F /* Project object */ = {
			isa = PBXProject;
			attributes = {
				LastUpgradeCheck = 0730;
				ORGANIZATIONNAME = "Scott Cho";
				TargetAttributes = {
					67DD1A761D17BEB500FBEA0F = {
						CreatedOnToolsVersion = 7.3.1;
					};
				};
			};
			buildConfigurationList = 67DD1A721D17BEB500FBEA0F /* Build configuration list for PBXProject "Nety" */;
			compatibilityVersion = "Xcode 3.2";
			developmentRegion = English;
			hasScannedForEncodings = 0;
			knownRegions = (
				en,
				Base,
			);
			mainGroup = 67DD1A6E1D17BEB500FBEA0F;
			productRefGroup = 67DD1A781D17BEB500FBEA0F /* Products */;
			projectDirPath = "";
			projectRoot = "";
			targets = (
				67DD1A761D17BEB500FBEA0F /* Nety */,
			);
		};
/* End PBXProject section */

/* Begin PBXResourcesBuildPhase section */
		67DD1A751D17BEB500FBEA0F /* Resources */ = {
			isa = PBXResourcesBuildPhase;
			buildActionMask = 2147483647;
			files = (
				67DD1A9A1D17BF2100FBEA0F /* Network.storyboard in Resources */,
				67DD1A8A1D17BEB500FBEA0F /* LaunchScreen.storyboard in Resources */,
				67DD1A871D17BEB500FBEA0F /* Assets.xcassets in Resources */,
				67DD1AA41D17BFCC00FBEA0F /* Chat.storyboard in Resources */,
				67DD1AA91D17C00600FBEA0F /* MyInfo.storyboard in Resources */,
				67DD1AAF1D17C3EF00FBEA0F /* Profile.storyboard in Resources */,
				67DD1A9F1D17BF7200FBEA0F /* MyNetwork.storyboard in Resources */,
			);
			runOnlyForDeploymentPostprocessing = 0;
		};
/* End PBXResourcesBuildPhase section */

/* Begin PBXSourcesBuildPhase section */
		67DD1A731D17BEB500FBEA0F /* Sources */ = {
			isa = PBXSourcesBuildPhase;
			buildActionMask = 2147483647;
			files = (
				67DD1AB31D17D40D00FBEA0F /* UIPrinciples.m in Sources */,
				67DD1AA21D17BFC300FBEA0F /* Chat.m in Sources */,
				67DD1A7F1D17BEB500FBEA0F /* AppDelegate.m in Sources */,
				67DD1A981D17BF1700FBEA0F /* Network.m in Sources */,
				67DD1A9D1D17BF6900FBEA0F /* MyNetwork.m in Sources */,
				67DD1A7C1D17BEB500FBEA0F /* main.m in Sources */,
				67DD1AAD1D17C3E600FBEA0F /* Profile.m in Sources */,
				67DD1AA71D17BFFF00FBEA0F /* MyInfo.m in Sources */,
			);
			runOnlyForDeploymentPostprocessing = 0;
		};
/* End PBXSourcesBuildPhase section */

/* Begin PBXVariantGroup section */
		67DD1A881D17BEB500FBEA0F /* LaunchScreen.storyboard */ = {
			isa = PBXVariantGroup;
			children = (
				67DD1A891D17BEB500FBEA0F /* Base */,
			);
			name = LaunchScreen.storyboard;
			sourceTree = "<group>";
		};
/* End PBXVariantGroup section */

/* Begin XCBuildConfiguration section */
		67DD1A8C1D17BEB500FBEA0F /* Debug */ = {
			isa = XCBuildConfiguration;
			buildSettings = {
				ALWAYS_SEARCH_USER_PATHS = NO;
				CLANG_ANALYZER_NONNULL = YES;
				CLANG_CXX_LANGUAGE_STANDARD = "gnu++0x";
				CLANG_CXX_LIBRARY = "libc++";
				CLANG_ENABLE_MODULES = YES;
				CLANG_ENABLE_OBJC_ARC = YES;
				CLANG_WARN_BOOL_CONVERSION = YES;
				CLANG_WARN_CONSTANT_CONVERSION = YES;
				CLANG_WARN_DIRECT_OBJC_ISA_USAGE = YES_ERROR;
				CLANG_WARN_EMPTY_BODY = YES;
				CLANG_WARN_ENUM_CONVERSION = YES;
				CLANG_WARN_INT_CONVERSION = YES;
				CLANG_WARN_OBJC_ROOT_CLASS = YES_ERROR;
				CLANG_WARN_UNREACHABLE_CODE = YES;
				CLANG_WARN__DUPLICATE_METHOD_MATCH = YES;
				"CODE_SIGN_IDENTITY[sdk=iphoneos*]" = "iPhone Developer";
				COPY_PHASE_STRIP = NO;
				DEBUG_INFORMATION_FORMAT = dwarf;
				ENABLE_STRICT_OBJC_MSGSEND = YES;
				ENABLE_TESTABILITY = YES;
				GCC_C_LANGUAGE_STANDARD = gnu99;
				GCC_DYNAMIC_NO_PIC = NO;
				GCC_NO_COMMON_BLOCKS = YES;
				GCC_OPTIMIZATION_LEVEL = 0;
				GCC_PREPROCESSOR_DEFINITIONS = (
					"DEBUG=1",
					"$(inherited)",
				);
				GCC_WARN_64_TO_32_BIT_CONVERSION = YES;
				GCC_WARN_ABOUT_RETURN_TYPE = YES_ERROR;
				GCC_WARN_UNDECLARED_SELECTOR = YES;
				GCC_WARN_UNINITIALIZED_AUTOS = YES_AGGRESSIVE;
				GCC_WARN_UNUSED_FUNCTION = YES;
				GCC_WARN_UNUSED_VARIABLE = YES;
				IPHONEOS_DEPLOYMENT_TARGET = 9.3;
				MTL_ENABLE_DEBUG_INFO = YES;
				ONLY_ACTIVE_ARCH = YES;
				SDKROOT = iphoneos;
			};
			name = Debug;
		};
		67DD1A8D1D17BEB500FBEA0F /* Release */ = {
			isa = XCBuildConfiguration;
			buildSettings = {
				ALWAYS_SEARCH_USER_PATHS = NO;
				CLANG_ANALYZER_NONNULL = YES;
				CLANG_CXX_LANGUAGE_STANDARD = "gnu++0x";
				CLANG_CXX_LIBRARY = "libc++";
				CLANG_ENABLE_MODULES = YES;
				CLANG_ENABLE_OBJC_ARC = YES;
				CLANG_WARN_BOOL_CONVERSION = YES;
				CLANG_WARN_CONSTANT_CONVERSION = YES;
				CLANG_WARN_DIRECT_OBJC_ISA_USAGE = YES_ERROR;
				CLANG_WARN_EMPTY_BODY = YES;
				CLANG_WARN_ENUM_CONVERSION = YES;
				CLANG_WARN_INT_CONVERSION = YES;
				CLANG_WARN_OBJC_ROOT_CLASS = YES_ERROR;
				CLANG_WARN_UNREACHABLE_CODE = YES;
				CLANG_WARN__DUPLICATE_METHOD_MATCH = YES;
				"CODE_SIGN_IDENTITY[sdk=iphoneos*]" = "iPhone Developer";
				COPY_PHASE_STRIP = NO;
				DEBUG_INFORMATION_FORMAT = "dwarf-with-dsym";
				ENABLE_NS_ASSERTIONS = NO;
				ENABLE_STRICT_OBJC_MSGSEND = YES;
				GCC_C_LANGUAGE_STANDARD = gnu99;
				GCC_NO_COMMON_BLOCKS = YES;
				GCC_WARN_64_TO_32_BIT_CONVERSION = YES;
				GCC_WARN_ABOUT_RETURN_TYPE = YES_ERROR;
				GCC_WARN_UNDECLARED_SELECTOR = YES;
				GCC_WARN_UNINITIALIZED_AUTOS = YES_AGGRESSIVE;
				GCC_WARN_UNUSED_FUNCTION = YES;
				GCC_WARN_UNUSED_VARIABLE = YES;
				IPHONEOS_DEPLOYMENT_TARGET = 9.3;
				MTL_ENABLE_DEBUG_INFO = NO;
				SDKROOT = iphoneos;
				VALIDATE_PRODUCT = YES;
			};
			name = Release;
		};
		67DD1A8F1D17BEB500FBEA0F /* Debug */ = {
			isa = XCBuildConfiguration;
			buildSettings = {
				ASSETCATALOG_COMPILER_APPICON_NAME = AppIcon;
				INFOPLIST_FILE = Nety/Info.plist;
				LD_RUNPATH_SEARCH_PATHS = "$(inherited) @executable_path/Frameworks";
				PRODUCT_BUNDLE_IDENTIFIER = com.change.Nety;
				PRODUCT_NAME = "$(TARGET_NAME)";
			};
			name = Debug;
		};
		67DD1A901D17BEB500FBEA0F /* Release */ = {
			isa = XCBuildConfiguration;
			buildSettings = {
				ASSETCATALOG_COMPILER_APPICON_NAME = AppIcon;
				INFOPLIST_FILE = Nety/Info.plist;
				LD_RUNPATH_SEARCH_PATHS = "$(inherited) @executable_path/Frameworks";
				PRODUCT_BUNDLE_IDENTIFIER = com.change.Nety;
				PRODUCT_NAME = "$(TARGET_NAME)";
			};
			name = Release;
		};
/* End XCBuildConfiguration section */

/* Begin XCConfigurationList section */
		67DD1A721D17BEB500FBEA0F /* Build configuration list for PBXProject "Nety" */ = {
			isa = XCConfigurationList;
			buildConfigurations = (
				67DD1A8C1D17BEB500FBEA0F /* Debug */,
				67DD1A8D1D17BEB500FBEA0F /* Release */,
			);
			defaultConfigurationIsVisible = 0;
			defaultConfigurationName = Release;
		};
		67DD1A8E1D17BEB500FBEA0F /* Build configuration list for PBXNativeTarget "Nety" */ = {
			isa = XCConfigurationList;
			buildConfigurations = (
				67DD1A8F1D17BEB500FBEA0F /* Debug */,
				67DD1A901D17BEB500FBEA0F /* Release */,
			);
			defaultConfigurationIsVisible = 0;
		};
/* End XCConfigurationList section */
	};
	rootObject = 67DD1A6F1D17BEB500FBEA0F /* Project object */;
}
